{"1.2.0",
[{<<"base64url">>,{pkg,<<"base64url">>,<<"1.0.1">>},3},
 {<<"bcrypt">>,{pkg,<<"bcrypt">>,<<"1.1.5">>},2},
 {<<"bear">>,{pkg,<<"bear">>,<<"0.8.7">>},4},
 {<<"bert">>,{pkg,<<"bert">>,<<"0.1.0">>},2},
 {<<"buffalo">>,{pkg,<<"buffalo">>,<<"2.1.0">>},2},
 {<<"certifi">>,{pkg,<<"certifi">>,<<"2.6.1">>},2},
 {<<"cf">>,{pkg,<<"cf">>,<<"0.3.1">>},3},
 {<<"cowboy">>,{pkg,<<"cowboy">>,<<"2.9.0">>},3},
 {<<"cowlib">>,{pkg,<<"cowlib">>,<<"2.11.0">>},3},
 {<<"cowmachine">>,{pkg,<<"cowmachine">>,<<"1.10.3">>},2},
 {<<"depcache">>,{pkg,<<"depcache">>,<<"1.7.1">>},2},
 {<<"dh_date">>,{pkg,<<"dh_date">>,<<"1.0.0">>},2},
 {<<"diffy">>,{pkg,<<"diffy">>,<<"1.1.2">>},2},
 {<<"dispatch_compiler">>,{pkg,<<"dispatch_compiler">>,<<"1.0.0">>},2},
 {<<"edown">>,{pkg,<<"edown">>,<<"0.8.4">>},2},
 {<<"eiconv">>,{pkg,<<"eiconv">>,<<"1.0.0">>},2},
 {<<"epgsql">>,{pkg,<<"epgsql">>,<<"4.6.0">>},2},
 {<<"erlang_exif">>,{pkg,<<"erlang_exif">>,<<"3.0.0">>},2},
 {<<"erlexec">>,{pkg,<<"erlexec">>,<<"1.21.0">>},2},
 {<<"erljwt">>,{pkg,<<"erljwt">>,<<"2.0.7">>},2},
 {<<"erlpass">>,{pkg,<<"erlpass">>,<<"1.0.4">>},2},
 {<<"erlware_commons">>,{pkg,<<"erlware_commons">>,<<"1.5.0">>},2},
 {<<"exometer_core">>,{pkg,<<"exometer_core">>,<<"1.5.7">>},2},
 {<<"filezcache">>,{pkg,<<"filezcache">>,<<"1.1.0">>},2},
 {<<"folsom">>,{pkg,<<"folsom">>,<<"0.8.7">>},3},
 {<<"ftpfilez">>,{pkg,<<"ftpfilez">>,<<"1.3.0">>},2},
 {<<"gen_smtp">>,{pkg,<<"gen_smtp">>,<<"1.2.0">>},2},
 {<<"gproc">>,{pkg,<<"gproc">>,<<"0.9.0">>},2},
 {<<"hackney">>,{pkg,<<"hackney">>,<<"1.18.1">>},3},
 {<<"hut">>,{pkg,<<"hut">>,<<"1.2.1">>},3},
 {<<"idna">>,{pkg,<<"idna">>,<<"6.1.1">>},4},
 {<<"jobs">>,{pkg,<<"jobs">>,<<"0.9.0">>},2},
 {<<"jsone">>,{pkg,<<"jsone">>,<<"1.7.0">>},3},
 {<<"jsx">>,{pkg,<<"jsx">>,<<"3.0.0">>},2},
 {<<"jsxrecord">>,{pkg,<<"jsxrecord">>,<<"1.2.0">>},2},
 {<<"keyserver">>,{pkg,<<"keyserver">>,<<"1.0.0">>},2},
 {<<"locus">>,{pkg,<<"locus">>,<<"1.15.0">>},2},
 {<<"logstasher">>,{pkg,<<"logstasher">>,<<"1.0.0">>},2},
 {<<"meck">>,{pkg,<<"meck">>,<<"0.8.13">>},2},
 {<<"metrics">>,{pkg,<<"metrics">>,<<"1.0.1">>},4},
 {<<"mimerl">>,{pkg,<<"mimerl">>,<<"1.2.0">>},4},
 {<<"mimetypes">>,{pkg,<<"mimetypes">>,<<"1.1.0">>},2},
 {<<"mochiweb">>,{pkg,<<"mochiweb">>,<<"2.22.0">>},2},
 {<<"mqtt_packet_map">>,{pkg,<<"mqtt_packet_map">>,<<"1.1.0">>},3},
 {<<"mqtt_sessions">>,{pkg,<<"mqtt_sessions">>,<<"2.1.0">>},2},
 {<<"oauth">>,{pkg,<<"oauth">>,<<"2.1.0">>},2},
 {<<"parse_trans">>,{pkg,<<"parse_trans">>,<<"3.4.0">>},2},
 {<<"poolboy">>,{pkg,<<"poolboy">>,<<"1.5.2">>},2},
 {<<"proper">>,{pkg,<<"proper">>,<<"1.4.0">>},2},
 {<<"qdate">>,{pkg,<<"qdate">>,<<"0.7.0">>},2},
 {<<"qdate_localtime">>,{pkg,<<"qdate_localtime">>,<<"1.2.1">>},2},
 {<<"ranch">>,{pkg,<<"ranch">>,<<"1.8.0">>},2},
 {<<"recon">>,{pkg,<<"recon">>,<<"2.5.2">>},2},
 {<<"ringbuffer">>,{pkg,<<"ringbuffer">>,<<"1.2.0">>},2},
 {<<"router">>,{pkg,<<"router">>,<<"1.0.4">>},3},
 {<<"s3filez">>,{pkg,<<"s3filez">>,<<"1.4.1">>},2},
 {<<"setup">>,{pkg,<<"setup">>,<<"2.1.0">>},2},
 {<<"sidejob">>,{pkg,<<"sidejob">>,<<"2.1.0">>},2},
 {<<"ssl_verify_fun">>,{pkg,<<"ssl_verify_fun">>,<<"1.1.6">>},2},
 {<<"syslog">>,{pkg,<<"syslog">>,<<"1.1.0">>},2},
 {<<"template_compiler">>,{pkg,<<"template_compiler">>,<<"2.5.0">>},2},
 {<<"termit">>,{pkg,<<"termit">>,<<"2.0.1">>},2},
 {<<"tls_certificate_check">>,
  {pkg,<<"tls_certificate_check">>,<<"1.16.0">>},
  2},
 {<<"unicode_util_compat">>,{pkg,<<"unicode_util_compat">>,<<"0.7.0">>},4},
 {<<"webdavfilez">>,{pkg,<<"webdavfilez">>,<<"1.2.0">>},2},
 {<<"yamerl">>,{pkg,<<"yamerl">>,<<"0.8.1">>},2},
 {<<"zotonic_apps">>,{pkg,<<"zotonic_apps">>,<<"1.0.0-rc.14">>},0},
 {<<"zotonic_core">>,{pkg,<<"zotonic_core">>,<<"1.0.0-rc.14">>},1},
 {<<"zotonic_filehandler">>,
  {pkg,<<"zotonic_filehandler">>,<<"1.0.0-rc.14">>},
  1},
 {<<"zotonic_fileindexer">>,
  {pkg,<<"zotonic_fileindexer">>,<<"1.0.0-rc.14">>},
  1},
 {<<"zotonic_filewatcher">>,
  {pkg,<<"zotonic_filewatcher">>,<<"1.0.0-rc.14">>},
  1},
 {<<"zotonic_launcher">>,{pkg,<<"zotonic_launcher">>,<<"1.0.0-rc.14">>},1},
 {<<"zotonic_listen_http">>,
  {pkg,<<"zotonic_listen_http">>,<<"1.0.0-rc.14">>},
  1},
 {<<"zotonic_listen_mqtt">>,
  {pkg,<<"zotonic_listen_mqtt">>,<<"1.0.0-rc.14">>},
  1},
 {<<"zotonic_listen_smtp">>,
  {pkg,<<"zotonic_listen_smtp">>,<<"1.0.0-rc.14">>},
  1},
 {<<"zotonic_mod_acl_user_groups">>,
  {pkg,<<"zotonic_mod_acl_user_groups">>,<<"1.0.0-rc.14">>},
  1},
 {<<"zotonic_mod_admin">>,{pkg,<<"zotonic_mod_admin">>,<<"1.0.0-rc.14">>},1},
 {<<"zotonic_mod_admin_category">>,
  {pkg,<<"zotonic_mod_admin_category">>,<<"1.0.0-rc.14">>},
  1},
 {<<"zotonic_mod_admin_config">>,
  {pkg,<<"zotonic_mod_admin_config">>,<<"1.0.0-rc.14">>},
  1},
 {<<"zotonic_mod_admin_frontend">>,
  {pkg,<<"zotonic_mod_admin_frontend">>,<<"1.0.0-rc.14">>},
  1},
 {<<"zotonic_mod_admin_identity">>,
  {pkg,<<"zotonic_mod_admin_identity">>,<<"1.0.0-rc.14">>},
  1},
 {<<"zotonic_mod_admin_merge">>,
  {pkg,<<"zotonic_mod_admin_merge">>,<<"1.0.0-rc.14">>},
  1},
 {<<"zotonic_mod_admin_modules">>,
  {pkg,<<"zotonic_mod_admin_modules">>,<<"1.0.0-rc.14">>},
  1},
 {<<"zotonic_mod_admin_predicate">>,
  {pkg,<<"zotonic_mod_admin_predicate">>,<<"1.0.0-rc.14">>},
  1},
 {<<"zotonic_mod_admin_statistics">>,
  {pkg,<<"zotonic_mod_admin_statistics">>,<<"1.0.0-rc.14">>},
  1},
 {<<"zotonic_mod_artwork">>,
  {pkg,<<"zotonic_mod_artwork">>,<<"1.0.0-rc.14">>},
  1},
 {<<"zotonic_mod_audio">>,{pkg,<<"zotonic_mod_audio">>,<<"1.0.0-rc.14">>},1},
 {<<"zotonic_mod_auth2fa">>,
  {pkg,<<"zotonic_mod_auth2fa">>,<<"1.0.0-rc.14">>},
  1},
 {<<"zotonic_mod_authentication">>,
  {pkg,<<"zotonic_mod_authentication">>,<<"1.0.0-rc.14">>},
  1},
 {<<"zotonic_mod_backup">>,{pkg,<<"zotonic_mod_backup">>,<<"1.0.0-rc.14">>},1},
 {<<"zotonic_mod_base">>,{pkg,<<"zotonic_mod_base">>,<<"1.0.0-rc.14">>},1},
 {<<"zotonic_mod_bootstrap">>,
  {pkg,<<"zotonic_mod_bootstrap">>,<<"1.0.0-rc.14">>},
  1},
 {<<"zotonic_mod_clamav">>,{pkg,<<"zotonic_mod_clamav">>,<<"1.0.0-rc.14">>},1},
 {<<"zotonic_mod_comment">>,
  {pkg,<<"zotonic_mod_comment">>,<<"1.0.0-rc.14">>},
  1},
 {<<"zotonic_mod_contact">>,
  {pkg,<<"zotonic_mod_contact">>,<<"1.0.0-rc.14">>},
  1},
 {<<"zotonic_mod_content_groups">>,
  {pkg,<<"zotonic_mod_content_groups">>,<<"1.0.0-rc.14">>},
  1},
 {<<"zotonic_mod_cron">>,{pkg,<<"zotonic_mod_cron">>,<<"1.0.0-rc.14">>},1},
 {<<"zotonic_mod_custom_redirect">>,
  {pkg,<<"zotonic_mod_custom_redirect">>,<<"1.0.0-rc.14">>},
  1},
 {<<"zotonic_mod_development">>,
  {pkg,<<"zotonic_mod_development">>,<<"1.0.0-rc.14">>},
  1},
 {<<"zotonic_mod_editor_tinymce">>,
  {pkg,<<"zotonic_mod_editor_tinymce">>,<<"1.0.0-rc.14">>},
  1},
 {<<"zotonic_mod_email_dkim">>,
  {pkg,<<"zotonic_mod_email_dkim">>,<<"1.0.0-rc.14">>},
  1},
 {<<"zotonic_mod_email_receive">>,
  {pkg,<<"zotonic_mod_email_receive">>,<<"1.0.0-rc.14">>},
  1},
 {<<"zotonic_mod_email_relay">>,
  {pkg,<<"zotonic_mod_email_relay">>,<<"1.0.0-rc.14">>},
  1},
 {<<"zotonic_mod_email_status">>,
  {pkg,<<"zotonic_mod_email_status">>,<<"1.0.0-rc.14">>},
  1},
 {<<"zotonic_mod_export">>,{pkg,<<"zotonic_mod_export">>,<<"1.0.0-rc.14">>},1},
 {<<"zotonic_mod_facebook">>,
  {pkg,<<"zotonic_mod_facebook">>,<<"1.0.0-rc.14">>},
  1},
 {<<"zotonic_mod_filestore">>,
  {pkg,<<"zotonic_mod_filestore">>,<<"1.0.0-rc.14">>},
  1},
 {<<"zotonic_mod_fileuploader">>,
  {pkg,<<"zotonic_mod_fileuploader">>,<<"1.0.0-rc.14">>},
  1},
 {<<"zotonic_mod_geoip">>,{pkg,<<"zotonic_mod_geoip">>,<<"1.0.0-rc.14">>},1},
 {<<"zotonic_mod_geomap">>,
  {git,"https://github.com/zotonic/zotonic_mod_geomap",
       {ref,"c0db41cb32de5458bed4fc759dbc99c79e86c20d"}},
  0},
 {<<"zotonic_mod_image_edit">>,
  {pkg,<<"zotonic_mod_image_edit">>,<<"1.0.0-rc.14">>},
  1},
 {<<"zotonic_mod_import_csv">>,
  {pkg,<<"zotonic_mod_import_csv">>,<<"1.0.0-rc.14">>},
  1},
 {<<"zotonic_mod_import_wordpress">>,
  {pkg,<<"zotonic_mod_import_wordpress">>,<<"1.0.0-rc.14">>},
  1},
 {<<"zotonic_mod_l10n">>,{pkg,<<"zotonic_mod_l10n">>,<<"1.0.0-rc.14">>},1},
 {<<"zotonic_mod_linkedin">>,
  {pkg,<<"zotonic_mod_linkedin">>,<<"1.0.0-rc.14">>},
  1},
 {<<"zotonic_mod_logging">>,
  {pkg,<<"zotonic_mod_logging">>,<<"1.0.0-rc.14">>},
  1},
 {<<"zotonic_mod_mailinglist">>,
  {pkg,<<"zotonic_mod_mailinglist">>,<<"1.0.0-rc.14">>},
  1},
 {<<"zotonic_mod_media_exif">>,
  {pkg,<<"zotonic_mod_media_exif">>,<<"1.0.0-rc.14">>},
  1},
 {<<"zotonic_mod_menu">>,{pkg,<<"zotonic_mod_menu">>,<<"1.0.0-rc.14">>},1},
 {<<"zotonic_mod_microsoft">>,
  {pkg,<<"zotonic_mod_microsoft">>,<<"1.0.0-rc.14">>},
  1},
 {<<"zotonic_mod_mqtt">>,{pkg,<<"zotonic_mod_mqtt">>,<<"1.0.0-rc.14">>},1},
 {<<"zotonic_mod_oauth2">>,{pkg,<<"zotonic_mod_oauth2">>,<<"1.0.0-rc.14">>},1},
 {<<"zotonic_mod_oembed">>,{pkg,<<"zotonic_mod_oembed">>,<<"1.0.0-rc.14">>},1},
 {<<"zotonic_mod_ratelimit">>,
  {pkg,<<"zotonic_mod_ratelimit">>,<<"1.0.0-rc.14">>},
  1},
 {<<"zotonic_mod_search">>,{pkg,<<"zotonic_mod_search">>,<<"1.0.0-rc.14">>},1},
 {<<"zotonic_mod_seo">>,{pkg,<<"zotonic_mod_seo">>,<<"1.0.0-rc.14">>},1},
 {<<"zotonic_mod_seo_sitemap">>,
  {pkg,<<"zotonic_mod_seo_sitemap">>,<<"1.0.0-rc.14">>},
  1},
 {<<"zotonic_mod_server_storage">>,
  {pkg,<<"zotonic_mod_server_storage">>,<<"1.0.0-rc.14">>},
  1},
 {<<"zotonic_mod_signup">>,{pkg,<<"zotonic_mod_signup">>,<<"1.0.0-rc.14">>},1},
 {<<"zotonic_mod_site_update">>,
  {pkg,<<"zotonic_mod_site_update">>,<<"1.0.0-rc.14">>},
  1},
 {<<"zotonic_mod_ssl_ca">>,{pkg,<<"zotonic_mod_ssl_ca">>,<<"1.0.0-rc.14">>},1},
 {<<"zotonic_mod_ssl_letsencrypt">>,
  {pkg,<<"zotonic_mod_ssl_letsencrypt">>,<<"1.0.0-rc.14">>},
  1},
 {<<"zotonic_mod_survey">>,{pkg,<<"zotonic_mod_survey">>,<<"1.0.0-rc.14">>},1},
 {<<"zotonic_mod_syslog">>,{pkg,<<"zotonic_mod_syslog">>,<<"1.0.0-rc.14">>},1},
 {<<"zotonic_mod_tkvstore">>,
  {pkg,<<"zotonic_mod_tkvstore">>,<<"1.0.0-rc.14">>},
  1},
 {<<"zotonic_mod_translation">>,
  {pkg,<<"zotonic_mod_translation">>,<<"1.0.0-rc.14">>},
  1},
 {<<"zotonic_mod_twitter">>,
  {pkg,<<"zotonic_mod_twitter">>,<<"1.0.0-rc.14">>},
  1},
 {<<"zotonic_mod_video">>,{pkg,<<"zotonic_mod_video">>,<<"1.0.0-rc.14">>},1},
 {<<"zotonic_mod_video_embed">>,
  {pkg,<<"zotonic_mod_video_embed">>,<<"1.0.0-rc.14">>},
  1},
 {<<"zotonic_mod_wires">>,{pkg,<<"zotonic_mod_wires">>,<<"1.0.0-rc.14">>},1},
 {<<"zotonic_mod_zotonic_site_management">>,
  {pkg,<<"zotonic_mod_zotonic_site_management">>,<<"1.0.0-rc.14">>},
  1},
 {<<"zotonic_notifier">>,{pkg,<<"zotonic_notifier">>,<<"1.0.0-rc.14">>},1},
 {<<"zotonic_rdf">>,{pkg,<<"zotonic_rdf">>,<<"1.0.1">>},2},
 {<<"zotonic_site_status">>,
  {pkg,<<"zotonic_site_status">>,<<"1.0.0-rc.14">>},
  1},
 {<<"zotonic_ssl">>,{pkg,<<"zotonic_ssl">>,<<"1.3.0">>},2},
 {<<"zotonic_stdlib">>,{pkg,<<"zotonic_stdlib">>,<<"1.12.0">>},2}]}.
[
{pkg_hash,[
 {<<"base64url">>, <<"F8C7F2DA04CA9A5D0F5F50258F055E1D699F0E8BF4CFDB30B750865368403CF6">>},
 {<<"bcrypt">>, <<"A6763BD4E1AF46D34776F85B7995E63A02978DE110C077E9570ED17006E03386">>},
 {<<"bear">>, <<"16264309AE5D005D03718A5C82641FCC259C9E8F09ADEB6FD79CA4271168656F">>},
 {<<"bert">>, <<"A87D6693515070A9B287C1043CB7E5B2406BE0357685022764BFBD2609703555">>},
 {<<"buffalo">>, <<"DA9581B05B50723267B2A61689D1FAF996D12881DF2B81FF641416594789A7CD">>},
 {<<"certifi">>, <<"DBAB8E5E155A0763EEA978C913CA280A6B544BFA115633FA20249C3D396D9493">>},
 {<<"cf">>, <<"5CB902239476E141EA70A740340233782D363A31EEA8AD37049561542E6CD641">>},
 {<<"cowboy">>, <<"865DD8B6607E14CF03282E10E934023A1BD8BE6F6BACF921A7E2A96D800CD452">>},
 {<<"cowlib">>, <<"0B9FF9C346629256C42EBE1EEB769A83C6CB771A6EE5960BD110AB0B9B872063">>},
 {<<"cowmachine">>, <<"B89220D8FDAA7FF5980805A8AE89801639443D13B3882172F787B6A762CD8DCD">>},
 {<<"depcache">>, <<"BB85FDD459FAF1374773EDA4249D2C1F037A32C509AC1E1C89654CAB3D4CC233">>},
 {<<"dh_date">>, <<"5B0C286665E160DE44132552931BEF06B5CB2244D5BD20E333A686E9D8BF92E3">>},
 {<<"diffy">>, <<"7060E34FD512F210056B7E66E8D315CB90D06B97A6656D92FC299EB91692E36E">>},
 {<<"dispatch_compiler">>, <<"E55A3A7B5CC6F5F3887691FF600C177B52534504C8C67804DCE115B5756F2FA0">>},
 {<<"edown">>, <<"C0ADDD5530A66E4C8B4A68FFDE122F7DD710EAED815492E438AAAFE63D4C76E1">>},
 {<<"eiconv">>, <<"EE1E47EE37799A05BEFF7A68D61F63CCCC93101833C4FB94B454C23B12A21629">>},
 {<<"epgsql">>, <<"A403534D03811C867E79405BB18D6061A5FCEF92ACF0236A9150AC93748CE143">>},
 {<<"erlang_exif">>, <<"557457BD2C48637ABD356D10059C5A6A1BC88AA152645A1DD43D2D843FCDADBB">>},
 {<<"erlexec">>, <<"748AF41A9B77FDE69BB82D5EC37E37384D4F849F971687DE49D57E8CB59422EA">>},
 {<<"erljwt">>, <<"15C76E9E17B3DB2A1AA105EBA0AB384BA09D5C5742376F074DFF39A0CC67578C">>},
 {<<"erlpass">>, <<"395BAAF1E296B7B46C9D296C25040AF1B7EB91731F208D772BA346AB4572A8FC">>},
 {<<"erlware_commons">>, <<"918C56D8FB3BE52AF0DF138ED6E0755E764AD4467CD7D025761F7D0A17D3DEC1">>},
 {<<"exometer_core">>, <<"AB97E34A5D69AB14E6AE161DB4CCA5B5E655E635B842F830EE6AB2CBFCFDC30A">>},
 {<<"filezcache">>, <<"6F59DEB2A507CF39647DEA275DA664F7ACA19AB6B9424828AEC36587CED7B715">>},
 {<<"folsom">>, <<"A885F0AEEE4C84270954C88A55A5A473D6B2C7493E32FFDC5765412DD555A951">>},
 {<<"ftpfilez">>, <<"9C9058F54D047606540F8FDA3BC42AED6871B5AF0130FE46F6248E1D1592A3BD">>},
 {<<"gen_smtp">>, <<"9CFC75C72A8821588B9B9FE947AE5AB2AED95A052B81237E0928633A13276FD3">>},
 {<<"gproc">>, <<"853CCB7805E9ADA25D227A157BA966F7B34508F386A3E7E21992B1B484230699">>},
 {<<"hackney">>, <<"F48BF88F521F2A229FC7BAE88CF4F85ADC9CD9BCF23B5DC8EB6A1788C662C4F6">>},
 {<<"hut">>, <<"08D46679523043424870723923971889E8A34D63B2F946A35B46CF921D1236E7">>},
 {<<"idna">>, <<"8A63070E9F7D0C62EB9D9FCB360A7DE382448200FBBD1B106CC96D3D8099DF8D">>},
 {<<"jobs">>, <<"B2F0071531C4A48575A096FEC428DCDD4555C64E5086FE521FCEAF581B1F51DC">>},
 {<<"jsone">>, <<"1E3BD7D5DD44BB2EB0797DDDEA1CBF2DDAB8D9F29E499A467CA171C23F5984EA">>},
 {<<"jsx">>, <<"20A170ABD4335FC6DB24D5FAD1E5D677C55DADF83D1B20A8A33B5FE159892A39">>},
 {<<"jsxrecord">>, <<"7C029EFCC0C8F48D4FFB9FB1401855051974535228775789A15DBBC360D2060B">>},
 {<<"keyserver">>, <<"09F9841C0721062C455E1FE02070DD4298EC821B9396419F36F0B3B2B3BB5A12">>},
 {<<"locus">>, <<"FA10AF0AE8AFC3D8D66B32B04A877316A54D9143831F9EE0D317012056C6E9FB">>},
 {<<"logstasher">>, <<"201887477C830545493025CE871D276FD923E6193ED5B8D3DE49B448B8B7A03F">>},
 {<<"meck">>, <<"FFEDB39F99B0B99703B8601C6F17C7F76313EE12DE6B646E671E3188401F7866">>},
 {<<"metrics">>, <<"25F094DEA2CDA98213CECC3AEFF09E940299D950904393B2A29D191C346A8486">>},
 {<<"mimerl">>, <<"67E2D3F571088D5CFD3E550C383094B47159F3EEE8FFA08E64106CDF5E981BE3">>},
 {<<"mimetypes">>, <<"82D455AE77558C0B839D7EF8F862FB67AD4450CD394FC728F8D894078F95B40F">>},
 {<<"mochiweb">>, <<"F104D6747C01A330C38613561977E565B788B9170055C5241AC9DD6E4617CBA5">>},
 {<<"mqtt_packet_map">>, <<"4D44C0673B936491F9BE7AF4908092AB902C0ADFD168158DC73953A3A560C547">>},
 {<<"mqtt_sessions">>, <<"1D7A5DCB0ADE1C6BA6F9C7B583D3893C23E508D2B2EBE508477003CC70E15346">>},
 {<<"oauth">>, <<"D339CD258E3384703CB75D21A7958F0258FD1B7B0022BC59AEA154BE74B817CC">>},
 {<<"parse_trans">>, <<"BB87AC362A03CA674EBB7D9D498F45C03256ADED7214C9101F7035EF44B798C7">>},
 {<<"poolboy">>, <<"392B007A1693A64540CEAD79830443ABF5762F5D30CF50BC95CB2C1AAAFA006B">>},
 {<<"proper">>, <<"89A44B8C39D28BB9B4BE8E4D715D534905B325470F2E0EC5E004D12484A79434">>},
 {<<"qdate">>, <<"EBFFBE723E5290714ADCB74AFA1FBDB89DF152586B491F56306B29526D93975B">>},
 {<<"qdate_localtime">>, <<"72E1034DC6B7FEE8F588281EDDD0BD0DC5260005D758052F50634D265D382C18">>},
 {<<"ranch">>, <<"8C7A100A139FD57F17327B6413E4167AC559FBC04CA7448E9BE9057311597A1D">>},
 {<<"recon">>, <<"CBA53FA8DB83AD968C9A652E09C3ED7DDCC4DA434F27C3EAA9CA47FFB2B1FF03">>},
 {<<"ringbuffer">>, <<"A64CBAED172B0D75998732F09CDADDC289438E92DA8CB2849FE71D4F87A8F654">>},
 {<<"router">>, <<"E9311B9D296B41C9484FC933EFD847F87E7DCBAD94DEE1566FB77570CA59EF2C">>},
 {<<"s3filez">>, <<"660249CC653D99D73E35DF7EB74019CB482B849D20F34F719ED9E59FB18CFDD9">>},
 {<<"setup">>, <<"05F69185A5EB71474C9BC6BA892565651EC7507791F85632B7B914DBFE130510">>},
 {<<"sidejob">>, <<"5D6A7C9C620778CB1908E46B552D767DF2ED4D77070BB7B5B8773D4FF18D1D37">>},
 {<<"ssl_verify_fun">>, <<"CF344F5692C82D2CD7554F5EC8FD961548D4FD09E7D22F5B62482E5AEAEBD4B0">>},
 {<<"syslog">>, <<"6419A232BEA84F07B56DC575225007FFE34D9FDC91ABE6F1B2F254FD71D8EFC2">>},
 {<<"template_compiler">>, <<"615356CED932E472411617CE1ED0C73162D90D5F526A5273024720FF62CA3C85">>},
 {<<"termit">>, <<"A132BF2EBB499A362A5486E451E0F87441C8363DD8E7FDA72DAD6CD03100B851">>},
 {<<"tls_certificate_check">>, <<"45B05E3B993DBACE2E4EBCCB666EADBD038F1DA8F4DB9691F4F34A274DFB0BD7">>},
 {<<"unicode_util_compat">>, <<"BC84380C9AB48177092F43AC89E4DFA2C6D62B40B8BD132B1059ECC7232F9A78">>},
 {<<"webdavfilez">>, <<"2FD41390DCDDBD8B16FE0856ED16B721442D2B965AF1A6F43560298C38F50378">>},
 {<<"yamerl">>, <<"07DA13FFA1D8E13948943789665C62CCD679DFA7B324A4A2ED3149DF17F453A4">>},
 {<<"zotonic_apps">>, <<"0F919CBA8287CDB3741F31B45AB2064B091A407B4F35C42B20C4DBE2D42566AB">>},
 {<<"zotonic_core">>, <<"1167372298BA18A374CBEBEA199C0C32E601C3E5DABC70AA1154E266B84385A7">>},
 {<<"zotonic_filehandler">>, <<"DC347312C142E1231C18FF1761267E0973F0C7A881ABCFB617C47D9EE1DE2CFD">>},
 {<<"zotonic_fileindexer">>, <<"8A9A800CC9B344A33F2FACD24FEB54988A0E2C7C4B03C706933FE75E55FE2B17">>},
 {<<"zotonic_filewatcher">>, <<"B2F9EA9D7679A9F32D718F141BAAF79C88D3939F5E104B11FBEE08473C2609CA">>},
 {<<"zotonic_launcher">>, <<"C467657B24869F54FF712172EDE9EC9EBB60AE0AC95D5516F08F6BAFE5197229">>},
 {<<"zotonic_listen_http">>, <<"43C7AE0829EB53B4225764322CBA8B63DB8B58BAD600771A08671CAE198BCE28">>},
 {<<"zotonic_listen_mqtt">>, <<"2A0A3FB08BD68C8B8FCB0150AEE859B0B4C6BE53B69969D648DB3F570A5DBBF4">>},
 {<<"zotonic_listen_smtp">>, <<"9E5835B935A1F026C2897D9D133029ED45B2E410727ACBC4DD990E42A6212D21">>},
 {<<"zotonic_mod_acl_user_groups">>, <<"F618EFC16532B01B87BB729CCEAA5B9E5AB4186959B6994D1389874E7CE10592">>},
 {<<"zotonic_mod_admin">>, <<"C6489A5088E614E4221160E3D3AA91B86A9DC082730B267B1401ABE6E9F97251">>},
 {<<"zotonic_mod_admin_category">>, <<"06940E1CE0CEB7318421EC39E28BDD4DF8F79A047CA09D8E68F652F07D8E2CF8">>},
 {<<"zotonic_mod_admin_config">>, <<"2BC88559B6A540FF3C3C598C9FD0FFA0E2F65506113B5DD582B4906B119FA427">>},
 {<<"zotonic_mod_admin_frontend">>, <<"410F43EBDBBEA0CAC2D88D1E5994E3311A0622110B669804A0FDAAA21407DE52">>},
 {<<"zotonic_mod_admin_identity">>, <<"45AF298DD1294021B9A8EB2B5FCCF4A18AAAEAE355A60589AE0E1F67C6B5B588">>},
 {<<"zotonic_mod_admin_merge">>, <<"F301E3A184AF4EBFFDCC8AE8056383620E7E0CB7CFCE4DD6958255C1C282AFEF">>},
 {<<"zotonic_mod_admin_modules">>, <<"AD62B80BBD1FAB5FDD3DF74982FAE0F5394EBAE2EC4C45BF2DE53A8C60518609">>},
 {<<"zotonic_mod_admin_predicate">>, <<"5C48088417BC17D7A1749750D3095B6134283FBBF61561D74E3C0DD5039374FB">>},
 {<<"zotonic_mod_admin_statistics">>, <<"4C51AC251068FBE9D1DE1844C8D636F258A857222A76B76B3CA890C2C64052A0">>},
 {<<"zotonic_mod_artwork">>, <<"B8DC377F6F31E7486791DCA8D7D16781E1BBE12B7C0D5FE756C02798C4CD15EE">>},
 {<<"zotonic_mod_audio">>, <<"D290FDE164DEB4687DD5F3F2310E1AEAF2259DB38304EF296914F5D7D04B9C9A">>},
 {<<"zotonic_mod_auth2fa">>, <<"485A40E4ECB0567E93B9AEBDA596B7DAC7FC19348FAAC94D3ABFB1ADFB07CE6C">>},
 {<<"zotonic_mod_authentication">>, <<"1342171C875683FCA6D02E93C97CE41E4C2F290C52B68D1E537E0BEBFF3FDC6A">>},
 {<<"zotonic_mod_backup">>, <<"51C4073D0D13835B076885474BCC7027FE332EAB8905B68D4F6FD917C1F90555">>},
 {<<"zotonic_mod_base">>, <<"727FC237E4BE715860F730036BA811DD9DE66B42190CC4B5903A7AE449829ADF">>},
 {<<"zotonic_mod_bootstrap">>, <<"756E0E523741D98B0F491BAC7EAE5EA71CA603321FB6AF65A6506D0872FE5DAD">>},
 {<<"zotonic_mod_clamav">>, <<"B934678D8CE845165E579F31D9535326BDBAB5FF0065B4B21814039A803E1031">>},
 {<<"zotonic_mod_comment">>, <<"DE6E3027DBE8137B68C45082A3C6A707553973FAA254D91927178D49148509E9">>},
 {<<"zotonic_mod_contact">>, <<"6868D887EFAF3328B68930140C996590A1160B54F271415542561F4F30914972">>},
 {<<"zotonic_mod_content_groups">>, <<"CCF659FEC1498FF854B62A8D78AD97BDAF19934F483391A6282C0576FEC28479">>},
 {<<"zotonic_mod_cron">>, <<"A695703656D140147D52B8528A9A5633F764DB776853EDBD03AB684114330706">>},
 {<<"zotonic_mod_custom_redirect">>, <<"28ADE61EC0DEE9D8613EEE5C05B9C62B3CAF9A78E74304B27CEE7A839F30BCDD">>},
 {<<"zotonic_mod_development">>, <<"31D9A35A360055CD6745DCABF119430FDE99889EC3A269A4142AB364AEED6884">>},
 {<<"zotonic_mod_editor_tinymce">>, <<"FC3173231E62BCCFCA5540DE4E8D64A6A2F27A5D5677911778CD389374E93573">>},
 {<<"zotonic_mod_email_dkim">>, <<"6DBBB6FD327DADBD19C2C2D49C74BB83BF865447FA835869AE51CF144E70B0CD">>},
 {<<"zotonic_mod_email_receive">>, <<"D0B96E4E035391019684F08CD1FFF566A21DD8B709D515BA360AE985A98812AD">>},
 {<<"zotonic_mod_email_relay">>, <<"9D3214B1CC1B08203BD3A4E32A9520CF919182786B13C011DB076804AEAA5CB0">>},
 {<<"zotonic_mod_email_status">>, <<"8CC74357D887B8FAA4E9E3E731E2FE357431B8D30A00EC5990359958334D0310">>},
 {<<"zotonic_mod_export">>, <<"D4B6B83AECC3223D85B37CAD576D2E03D947FB34AFD92D256D48503E6F6C9EA4">>},
 {<<"zotonic_mod_facebook">>, <<"DC6656540BE1B1DFE0739F7E8C6E27D53714113C67E3DD99DC09D8DD221D74A0">>},
 {<<"zotonic_mod_filestore">>, <<"9171676A19CCC921407DF30F9960C93E2AA8DF21426B525F1CA03B6988D5B695">>},
 {<<"zotonic_mod_fileuploader">>, <<"1889F271F1448BC0706827B1E4AD9E24290A816F2AD00975C3C61B861EDB0073">>},
 {<<"zotonic_mod_geoip">>, <<"EB0B3984DF3F81D508119E7BF9C0182CF93E74F6672F2A3A016D51F0968DD5AB">>},
 {<<"zotonic_mod_image_edit">>, <<"568B30859DDF55EC28F185B07F4D024D4143EF4E09012234425B88CB00130278">>},
 {<<"zotonic_mod_import_csv">>, <<"885B20F96CE8CB23A73AC3CBD444B0337D4D7D91AD8E91B4B71FDB0C03BA81D4">>},
 {<<"zotonic_mod_import_wordpress">>, <<"38FF4B3B88E66A4650FAAEB8053A20D32F4FF4654988360BC1B8D1FBD6C500C6">>},
 {<<"zotonic_mod_l10n">>, <<"558ACE1B826206EB0F1D774BB5ECA8CC6AE55FF195AAA0BB75CC67B729671B34">>},
 {<<"zotonic_mod_linkedin">>, <<"4F8A70B1935BB7B5DF14A2E8D6237E0F5C715595E8CCCF8AD14CC776B6743955">>},
 {<<"zotonic_mod_logging">>, <<"BDEC0700946D36F75FE337826336573F9B61C170F10AB4E40502356884FBDF0A">>},
 {<<"zotonic_mod_mailinglist">>, <<"573058DB935304540CF364459BAC7537EF979982FD4AC8618EF48A1E0A5CD9AE">>},
 {<<"zotonic_mod_media_exif">>, <<"8261E5CA1AC83547822535C7B79A7F52E4A6BD2F7304933F57668D4FE491353F">>},
 {<<"zotonic_mod_menu">>, <<"1AC1ACCE4C5D25D00ED76A27633CAFDA735154110CB497D995A792DEB9BF6719">>},
 {<<"zotonic_mod_microsoft">>, <<"A97C29B1AB0645FB92C3AB1FFEDA1D79B73FFAA13EE940E7415AB3AE5BFECB1A">>},
 {<<"zotonic_mod_mqtt">>, <<"B446C5E284AD756B08F4BD5E6D3EEED14174A91AE058C89D882D2041931DE34D">>},
 {<<"zotonic_mod_oauth2">>, <<"938F569CF193A9ECF250A21C85563A5175E8B95847EEA3EC31812BD1E1EBC47D">>},
 {<<"zotonic_mod_oembed">>, <<"F40A8093F7C4906F11D701358CEFB07EC0A17CD50D0874E021DC88F84665E991">>},
 {<<"zotonic_mod_ratelimit">>, <<"2EA3AAA1E347A150423654CDB1DBC5531836EEF352A627C6FDB152FCBB05DA61">>},
 {<<"zotonic_mod_search">>, <<"94265D4E5A6A955B668A3D3671051A1523F913EA9DD2B77D28BC6446F41C7C0A">>},
 {<<"zotonic_mod_seo">>, <<"26E152E9D6E6EE369CD8FBA1C2A9A1F263800D2A24000B39D7C06D7FCDBC9AEF">>},
 {<<"zotonic_mod_seo_sitemap">>, <<"2C7ACD9C5F6E4E683F4D126756EE14E687E05DCDE02DA40139D5D27368DCAAE6">>},
 {<<"zotonic_mod_server_storage">>, <<"DF346C0A864B4C3DFBC6B02560A7C88337841C719E58134B5CEC82DACE63C8B1">>},
 {<<"zotonic_mod_signup">>, <<"B1419FF4F0DBD3B70D7C91CD08973E3EBCCA0DEF8EA6BD03E2F42BE3A2035344">>},
 {<<"zotonic_mod_site_update">>, <<"89B57C0592DF2C5DE0956CFB790F48EFF87DA677D12DEC5D7AD0B10EDE15A024">>},
 {<<"zotonic_mod_ssl_ca">>, <<"56F0184C1B2DE5F5FBA713601542098F441BA74C52821C97D9C2700A98DEC917">>},
 {<<"zotonic_mod_ssl_letsencrypt">>, <<"DF41CC38037F03DC235B39DAB3193D834B95722434F9F69EFC2709C9CE295558">>},
 {<<"zotonic_mod_survey">>, <<"5610079A4988D19B840A75B16FA34C62911D82388AA7BC5DC30ADA3B254E765C">>},
 {<<"zotonic_mod_syslog">>, <<"68E47482570DE0DD80C669150DD3469B888041C1002270665A5E5DB8BD28BF79">>},
 {<<"zotonic_mod_tkvstore">>, <<"04BB80E40BF5EA538947BB74E391D9B1A21A8AA149A87FEF07E8AE536657CC58">>},
 {<<"zotonic_mod_translation">>, <<"04EE956A4558648A20A76BDC06010E63245C108C37A79510775126C545C5A0A7">>},
 {<<"zotonic_mod_twitter">>, <<"20C791788D4FAC515D802E259897D66DDC70255B05870D73E930654E624B0342">>},
 {<<"zotonic_mod_video">>, <<"6336444769A3A89B260C8F7A1E70B24B3B127F43121C06FF5F81AD0E4E1FB5C1">>},
 {<<"zotonic_mod_video_embed">>, <<"6048A9886BC258F876EAD8660F8A158AB002F5CA15590AB881D250B3FD23D3C5">>},
 {<<"zotonic_mod_wires">>, <<"37A1F4858E4978757E864D6A1680B01D374A9BFC4E342E83A53B17C290A16B03">>},
 {<<"zotonic_mod_zotonic_site_management">>, <<"CC96DC926364ADF8D423A6DFA2530E7890D223858DAFBED8CFE2A0CA86134B7B">>},
 {<<"zotonic_notifier">>, <<"3D549B32726679BB7EA6A09116C9E5113BE328ADB6B09ECE5024DC0D765A3364">>},
 {<<"zotonic_rdf">>, <<"D0E72A13D179549E6520BFCCFFD25F4C93533098698EE77F73CFE5778345D708">>},
 {<<"zotonic_site_status">>, <<"E9BD7D944EDE7DC819FB5F9505932C748FC6F60354114208579D14CC41583D4A">>},
 {<<"zotonic_ssl">>, <<"8C6FFC725D4A2549C3FB941BC766C772EDD81091A28458FB4BAA6E5957D3810A">>},
 {<<"zotonic_stdlib">>, <<"2440D192BCACAB5A65072429EFC331F0A28814A1896C3021AB1EAB6EED021B97">>}]},
{pkg_hash_ext,[
 {<<"base64url">>, <<"F9B3ADD4731A02A9B0410398B475B33E7566A695365237A6BDEE1BB447719F5C">>},
 {<<"bcrypt">>, <<"3418821BC17CE6E96A4A77D1A88D7485BF783E212069FACFC79510AFBFF95352">>},
 {<<"bear">>, <<"534217DCE6A719D59E54FB0EB7A367900DBFC5F85757E8C1F94269DF383F6D9B">>},
 {<<"bert">>, <<"2A561521EC3529B248658A3E2D3D4BFE6729B0AB8291C701BF15EF413EDA1506">>},
 {<<"buffalo">>, <<"8F9EE40F2B5B08DE4EF30CEE42966656398D2009C3F0D091E2D4F111E6FDE5D0">>},
 {<<"certifi">>, <<"524C97B4991B3849DD5C17A631223896272C6B0AF446778BA4675A1DFF53BB7E">>},
 {<<"cf">>, <<"315E8D447D3A4B02BCDBFA397AD03BBB988A6E0AA6F44D3ADD0F4E3C3BF97672">>},
 {<<"cowboy">>, <<"2C729F934B4E1AA149AFF882F57C6372C15399A20D54F65C8D67BEF583021BDE">>},
 {<<"cowlib">>, <<"2B3E9DA0B21C4565751A6D4901C20D1B4CC25CBB7FD50D91D2AB6DD287BC86A9">>},
 {<<"cowmachine">>, <<"6E2D1395D82CD35178D956C2FEC6F5040818B5769C629BA313FB69B7AB252A36">>},
 {<<"depcache">>, <<"40A441A5B1B8E322263C4E6EF35A7D5BC75D080E7A4AAB0D02BCE6059DF53BC1">>},
 {<<"dh_date">>, <<"3F5D908383A0243A693147EA85A5654769B90078AC999A076ED6F0917F7614CF">>},
 {<<"diffy">>, <<"9A59BBDCAFB6B115B5099711F7F114EDB00BE11658CEF08EF26E04F8040C7149">>},
 {<<"dispatch_compiler">>, <<"D45F7985312783DFF7F277B62B73DEBB526D4B3FAA38C9D44AA55F0BFB3C1141">>},
 {<<"edown">>, <<"1CAF8F99BEE8B671EFA752EA163C9299A120BFC4A43820E1C5CE1BFDF63B4446">>},
 {<<"eiconv">>, <<"8C80851DECF72FC4571A70278D7932E9A87437770322077ECF797533FBB792CD">>},
 {<<"epgsql">>, <<"6BE4910A02551F21EAB6F6F27D97B0D4B1DFFC617F1A64C8C95FDD45652FA9E1">>},
 {<<"erlang_exif">>, <<"F03815AC2C2808A84313B3DFAFF41CCB2E3BC7A643113274C76BF9241DE490CD">>},
 {<<"erlexec">>, <<"826616A344D1BC0A35C9D2C7175478166F607A4E3B14C878229FD405694D65C0">>},
 {<<"erljwt">>, <<"61266D3D3CB35B3EA341916CE73B0AEFE0FACE260B402729AE7426EB8D5293C3">>},
 {<<"erlpass">>, <<"0F3B6FF0E854A78E6F356364AA91AE7DA27FA4DDDBA633033B67848B37550D38">>},
 {<<"erlware_commons">>, <<"3E7C6FB2BA4C29B0DD5DFE9D031B66449E2088ECEC1A81465BD9FDE05ED7D0DB">>},
 {<<"exometer_core">>, <<"6AFBD8F6B1AAF7443D6A5A05BBBCD15285622353550F3077C87176E25BE99C1E">>},
 {<<"filezcache">>, <<"86CD60A0FE537E953F80B62927A98D755D4CD5584D51EEC5DB8628CB712BCD43">>},
 {<<"folsom">>, <<"F7B644FC002A75AF00B8BFBD3CC5C2BD955E09A118D2982D9A6C04E5646FF367">>},
 {<<"ftpfilez">>, <<"182C05C05444F178C7DA628C02B80020343CA9F8EE53A76FA6D5E5949E13C3C8">>},
 {<<"gen_smtp">>, <<"5EE0375680BCA8F20C4D85F58C2894441443A743355430FF33A783FE03296779">>},
 {<<"gproc">>, <<"587E8AF698CCD3504CF4BA8D90F893EDE2B0F58CABB8A916E2BF9321DE3CF10B">>},
 {<<"hackney">>, <<"A4ECDAFF44297E9B5894AE499E9A070EA1888C84AFDD1FD9B7B2BC384950128E">>},
 {<<"hut">>, <<"953FC447514BAF9CC79FA147D66469243C94DFA1593779614E070C692D0BF0F3">>},
 {<<"idna">>, <<"92376EB7894412ED19AC475E4A86F7B413C1B9FBB5BD16DCCD57934157944CEA">>},
 {<<"jobs">>, <<"4E50CC8EDD7B5A0AE6F4C17B25514470A772626A5F6C24E9BC06A62AEF618237">>},
 {<<"jsone">>, <<"A3A33712EE6BC8BE10CFA21C7C425A299DE4C5A8533F9F931E577A6D0E8F5DBD">>},
 {<<"jsx">>, <<"37BECA0435F5CA8A2F45F76A46211E76418FBEF80C36F0361C249FC75059DC6D">>},
 {<<"jsxrecord">>, <<"04A7E108F7FADC7F88FAB4CBCDFF34B5A1BFD4073A431ADDA288B1AE27DC0FA5">>},
 {<<"keyserver">>, <<"40BE055BC455093E3A4D604219C2F293B416604A7D8E3776E761D549D1311192">>},
 {<<"locus">>, <<"FBC4E8143573B8A835C2E7FA0EC5ED6EB44296E6537AD46F8BBFFBCC65A6E5FE">>},
 {<<"logstasher">>, <<"25B6307B6F4A6B0CE523BAFF1E680811562007348A6B6EA1B2206DE9F0EAC575">>},
 {<<"meck">>, <<"D34F013C156DB51AD57CC556891B9720E6A1C1DF5FE2E15AF999C84D6CEBEB1A">>},
 {<<"metrics">>, <<"69B09ADDDC4F74A40716AE54D140F93BEB0FB8978D8636EADED0C31B6F099F16">>},
 {<<"mimerl">>, <<"F278585650AA581986264638EBF698F8BB19DF297F66AD91B18910DFC6E19323">>},
 {<<"mimetypes">>, <<"234802943A215B1B6CE408015F103C4223EA98179E4FE411CD55E9A4D0B07E53">>},
 {<<"mochiweb">>, <<"CBBD1FD315D283C576D1C8A13E0738F6DAFB63DC840611249608697502A07655">>},
 {<<"mqtt_packet_map">>, <<"82BD12177EC927244ECC40093FB5A9BFAC317106168FD11F7D49FB3434C6D1DA">>},
 {<<"mqtt_sessions">>, <<"27B240E69F53FC85072F90A0123CA57548D7D090CDC8F173CD25F98D3BEE4322">>},
 {<<"oauth">>, <<"1E88788690B3CDE182F77829F205EAB75522255DCCED20341C5BA05CAC849B13">>},
 {<<"parse_trans">>, <<"F99E368830BEA44552224E37E04943A54874F08B8590485DE8D13832B63A2DC3">>},
 {<<"poolboy">>, <<"DAD79704CE5440F3D5A3681C8590B9DC25D1A561E8F5A9C995281012860901E3">>},
 {<<"proper">>, <<"18285842185BD33EFBDA97D134A5CB5A0884384DB36119FEE0E3CFA488568CBB">>},
 {<<"qdate">>, <<"4D053F50D29D508FAF74AB1CEEC035476987DB411694CDC87C23E2F7A5BE08DB">>},
 {<<"qdate_localtime">>, <<"1109958D205C65C595C8C5694CB83EBAF2DBE770CF902E4DCE8AFB2C4123764D">>},
 {<<"ranch">>, <<"49FBCFD3682FAB1F5D109351B61257676DA1A2FDBE295904176D5E521A2DDFE5">>},
 {<<"recon">>, <<"2C7523C8DEE91DFF41F6B3D63CBA2BD49EB6D2FE5BF1EEC0DF7F87EB5E230E1C">>},
 {<<"ringbuffer">>, <<"D3E575FD919751E80B4DF275C6A4710E394F998EDDD9281B4FC202DAD6C1E299">>},
 {<<"router">>, <<"C9F939968F8D8BCBEB03087829693E5BEEA6BFFD14A9717200FB57522A141838">>},
 {<<"s3filez">>, <<"DEF977CDB6772B65BCCBB1E70381FA1D41ACE1B65AC803BA940FB95BE318AE11">>},
 {<<"setup">>, <<"EFD072578F0CF85BEA96CAAFFC7ADB0992398272522660A136E10567377071C5">>},
 {<<"sidejob">>, <<"6DC3DAC041C8C07C64401ECD22684730DA1497F5F14377B3CA9C5B2B9A135181">>},
 {<<"ssl_verify_fun">>, <<"BDB0D2471F453C88FF3908E7686F86F9BE327D065CC1EC16FA4540197EA04680">>},
 {<<"syslog">>, <<"4C6A41373C7E20587BE33EF841D3DE6F3BEBA08519809329ECC4D27B15B659E1">>},
 {<<"template_compiler">>, <<"CB686A036D0DC5409A45850013864B9AD3DADD84DDD788E375F3B2425C302060">>},
 {<<"termit">>, <<"34047B1FEC8C3A98998F094F062ADD7E12D9D1240E45B404F62A491FB1948848">>},
 {<<"tls_certificate_check">>, <<"3DC0508C749619B8D6A5E21ACA4D719C184F065541795B0556398C8E574A3064">>},
 {<<"unicode_util_compat">>, <<"25EEE6D67DF61960CF6A794239566599B09E17E668D3700247BC498638152521">>},
 {<<"webdavfilez">>, <<"39612D396158188E78325EB882A02CFA8B28DC015C15542AEFD9CF9CA0542D74">>},
 {<<"yamerl">>, <<"96CB30F9D64344FED0EF8A92E9F16F207DE6C04DFFF4F366752CA79F5BCEB23F">>},
 {<<"zotonic_apps">>, <<"8578775C7D1578C95366708419E6C2EEFEEE2924370C14605F55FDD4ACB89D8B">>},
 {<<"zotonic_core">>, <<"5AC135D39B4660EF932F9749A9086BDE8D096C4B935CC7AD76532A25F0F500C5">>},
 {<<"zotonic_filehandler">>, <<"073C0D04846C3B0CFB42C04673369D6AAACFD9C4444F75A1F8C2B03734A2A177">>},
 {<<"zotonic_fileindexer">>, <<"EC27C9DFCFBE93E6D93B9CFDAD4A40007337E54966B4F3E4FAD782D42AE2F199">>},
 {<<"zotonic_filewatcher">>, <<"53F3C3B987A17E2767707B831EC8D9E19E26E7390A4F038BD28A816CE1E4A036">>},
 {<<"zotonic_launcher">>, <<"764EE337CC0E6814E55B6029BD61E2EF387CD5EF68A93D28A57E76D5E5044666">>},
 {<<"zotonic_listen_http">>, <<"38C7E80408F6A328ECAAB03F394E01BF09E900FF3EA25BDBBD0A531132F27DD2">>},
 {<<"zotonic_listen_mqtt">>, <<"693BC8243AE927667E97B43BC28203CCD0347E71340F5C4B287F9D55B8B8CE4E">>},
 {<<"zotonic_listen_smtp">>, <<"F5B17E73DF05C6FD1B991B9208373BC1A2520C536FE70E570F33761A797DA18D">>},
 {<<"zotonic_mod_acl_user_groups">>, <<"A9618CA11FB8DE501F442AC1D25FF045741D43142F6A44FD0937DF67D682F8B0">>},
 {<<"zotonic_mod_admin">>, <<"FA389781C0DB69A7949B9BC78EE15DCCE76CC3EF97B968DAEFE0B26215C2B315">>},
 {<<"zotonic_mod_admin_category">>, <<"5EF0720A82155AAABB82B8E28BF243E253F8C46A56711115C9A411EDFA37C1B3">>},
 {<<"zotonic_mod_admin_config">>, <<"BE2585770A7796B83D1EC6CD017099EA4651942B534ED3610FF4C0D7F444CA57">>},
 {<<"zotonic_mod_admin_frontend">>, <<"335BFD0E6227BCF33C6295C53802D249123728E6468CE5B9EEC7A5507048A285">>},
 {<<"zotonic_mod_admin_identity">>, <<"025FAE4B8C9A40E5F606E4FF02E8D9A8BFBF206127CD4436D6614F5AD0DAE17A">>},
 {<<"zotonic_mod_admin_merge">>, <<"B34B535272AEE5E433FF6D6BEE9ABD8AA60E4B796B096EE2C5415CFD07CFE8D5">>},
 {<<"zotonic_mod_admin_modules">>, <<"63A57C5495F2985EFD85C5A153FD34ABC4171A96C99BC4F3C26110A75BA12967">>},
 {<<"zotonic_mod_admin_predicate">>, <<"8D157C52E66150F4BDAC8EDA2B2E48BABA32EE1BD0C9796309C5ED95B215A282">>},
 {<<"zotonic_mod_admin_statistics">>, <<"019F0F81CA71682666F5798530F10CCD4F2066868CCE815173BBA05BFC221CD9">>},
 {<<"zotonic_mod_artwork">>, <<"4B26856FFE4469023306809108DD9B680A0891A136DD5AC634CDF086AE4A788B">>},
 {<<"zotonic_mod_audio">>, <<"1148590B18F970D2C5AAF086FC1D945BCDB6076E9236E1AA2820333F1A1B570E">>},
 {<<"zotonic_mod_auth2fa">>, <<"2CC01BFE1ABDD17865B4324AC31C8FAD607C8D5595073CEA8133F20DD3EDF8F0">>},
 {<<"zotonic_mod_authentication">>, <<"00BE119E8CA91797CE89A6B25BACBCC499AAF183B326470593AF492E035AB428">>},
 {<<"zotonic_mod_backup">>, <<"42D7EF7A35E64C8EE1FD45FD99F0B6E4FE2B92332241A01148D7E8AABD5FB1A7">>},
 {<<"zotonic_mod_base">>, <<"4DC4BD96AA7A669B6DA89B61B5C90C4B1C4CA2605C7C32BC4002EC00E3F00F79">>},
 {<<"zotonic_mod_bootstrap">>, <<"824E928CB9F09C604837A27174718DFF2A1EC6F7B50E956B475BD62BD6B8F45F">>},
 {<<"zotonic_mod_clamav">>, <<"982ED978120D13E246BA2F8159E4E4C727D97802AB41421953E9103526367A0A">>},
 {<<"zotonic_mod_comment">>, <<"39C0C81A4057130352FFC87BE0CEC91E2D5397A570D97E9AF81F60733D49D279">>},
 {<<"zotonic_mod_contact">>, <<"319107122455F8320A27781B0E7A9133728E1528C618831395487C2B3D990A49">>},
 {<<"zotonic_mod_content_groups">>, <<"10BE7EDCC9AED9719EFD04698D9114F5395D67BD72EEAA1B198F5E009A3CC14A">>},
 {<<"zotonic_mod_cron">>, <<"DE688E75B3C0C833C71DBA510759F8BB09F3C375A25CE539C0AB390253087243">>},
 {<<"zotonic_mod_custom_redirect">>, <<"41BA9C8B49AF6A28C6D73D413349F043158802B71CF7B50AFF3ADF0E00FC58E7">>},
 {<<"zotonic_mod_development">>, <<"3F19D465C388A3175A877EDEA1F82BB2100C3969C084399F8FF6E108DD5BA14D">>},
 {<<"zotonic_mod_editor_tinymce">>, <<"99796EA7C71B2621B489D47482C5D50444640D03BA50D06EB52168E5F90CDEE5">>},
 {<<"zotonic_mod_email_dkim">>, <<"DDDC488AC9BC7EB54E2BFCC582CBF1181CB6491CC530B50F884B8DA2C9A7D8DB">>},
 {<<"zotonic_mod_email_receive">>, <<"FA193546DE36DFB483DCEBF5E06FAE4347DD15DC7713C101839A5E8D72691100">>},
 {<<"zotonic_mod_email_relay">>, <<"576085146E2FF7DCA9F3911FC3210D1E94015C0546F2587D135A76AAE47F3199">>},
 {<<"zotonic_mod_email_status">>, <<"6349180D5C1593A243C5237D2A91768AE25E178A4591A36CA93DD70A13C1FB54">>},
 {<<"zotonic_mod_export">>, <<"F55FB69946C319BFDD137E6D17C00495BC2A925312CE642EDC9015DC5B50AF1A">>},
 {<<"zotonic_mod_facebook">>, <<"D4D980B5D8FCCACAFCD01FB851E87F85F6105E76192A6270377C227374ACBD90">>},
 {<<"zotonic_mod_filestore">>, <<"0C0D92C871F6B5D61F4602B94400BFCF46A83CDC33698C01FDBDF2981F096683">>},
 {<<"zotonic_mod_fileuploader">>, <<"26E37E524E5BE79B83EBC0A1CA9C5283D8F12A011E600C99AD3AB18F639DB7FF">>},
 {<<"zotonic_mod_geoip">>, <<"8FF6B129F5A5ED95D7DFD36E5AAFA7588FF148D452E3175261967B1616FCB3C6">>},
 {<<"zotonic_mod_image_edit">>, <<"8392FF23EB9EEFF39F68FA2E8324221E261BC5D2788B4A0791B738BB949782D3">>},
 {<<"zotonic_mod_import_csv">>, <<"63D213DF6050399455485B587A24D6E672A925F6D367E75DB4D0BAFBAE29BDC6">>},
 {<<"zotonic_mod_import_wordpress">>, <<"A72EA3896CD7A81B280C4214300205668DE6583777771EB0055D0595F5F8D8AE">>},
 {<<"zotonic_mod_l10n">>, <<"E62D06BDC7FC7A3F1E56FF67C2CD81D6DD8A6B9D4154EC9928E4FF5D051DCA00">>},
 {<<"zotonic_mod_linkedin">>, <<"8980908B9F505F474F095EBEE4432CF097EAA5E4D3D42E4D47B11760E75FF4A6">>},
 {<<"zotonic_mod_logging">>, <<"D1E726A3A45AF1DF30E6442A16F8001912276A43BF6F3E0A2221842AE830E0DF">>},
 {<<"zotonic_mod_mailinglist">>, <<"2C5C349520710CDF6BC38884CC6146188AA64C9099EB484CBA06A1DCEB938502">>},
 {<<"zotonic_mod_media_exif">>, <<"A7178C81569CE837B1E0EC671992FDF49A1370F94A55EDB78EA82125440AB240">>},
 {<<"zotonic_mod_menu">>, <<"C4C09A854A28FFA0C6AAD6D80C99E37404C3F41A938E5E27A83486067E047936">>},
 {<<"zotonic_mod_microsoft">>, <<"A8B14EF38565475022763BBD9541BE0FAE5ABF46F426CE555086A3EB999FE273">>},
 {<<"zotonic_mod_mqtt">>, <<"F5E6097C1D9EF6D810F6329E84EBAD019D54B61DDC0ED3EFEEE19B5F435D09CD">>},
 {<<"zotonic_mod_oauth2">>, <<"D69ACA88FEA54FE4401C4BAA84CF605D1996ECB1812467258B73272CAF2F2850">>},
 {<<"zotonic_mod_oembed">>, <<"38B768A930F0B1D889989CCB2090F9263838A7A45B2E287786759ABA2DF2677F">>},
 {<<"zotonic_mod_ratelimit">>, <<"DE1AF8B446A45BEB2A1CAC8E8C6987291C295CF052CFA53EC0BCF9E73CD18190">>},
 {<<"zotonic_mod_search">>, <<"6BF4710804BD54A614232982DF2910889D44E09EF548F3CF810621ADB83F1C81">>},
 {<<"zotonic_mod_seo">>, <<"7AF01E22D457C8FC4107E7F437779318BFA63E21E07BDA3C84E8C04B97B315C9">>},
 {<<"zotonic_mod_seo_sitemap">>, <<"038485D3DE69E71D71A419CD91EB1A29691670E0F4852509B73065AB6414AF0B">>},
 {<<"zotonic_mod_server_storage">>, <<"C082F7E2A717081CB0496A2FF754953C352AA972378709EB91DE6A83E97F7282">>},
 {<<"zotonic_mod_signup">>, <<"0FA4A0315B4D04792C177D237C76CCB33BFDA9043D4C6DB41AC16BC736448DED">>},
 {<<"zotonic_mod_site_update">>, <<"F9555D2E999D9E55B405A7AC03C92F5080847EB48C96DE91FDDAA479383F97DA">>},
 {<<"zotonic_mod_ssl_ca">>, <<"54816C6A1017054EE81C6B5EBE112C0F4B7030FDCBCE0BA0A7DA4080E2C1CD86">>},
 {<<"zotonic_mod_ssl_letsencrypt">>, <<"49481F17D9A67B9280A517AB6660CEBF99FF04E4BE7B4CDC14C920948D9F15AD">>},
 {<<"zotonic_mod_survey">>, <<"90DEA62284F08936D7D50137DFE694261FC402325BEE548B804EF37616A0BBED">>},
 {<<"zotonic_mod_syslog">>, <<"F1857C4A817F561B831B2FC416A460FC1850845EB440869674FCA346BC187652">>},
 {<<"zotonic_mod_tkvstore">>, <<"9DC303E94AE4D6D5949486159E6D807795FA11A8DCFB691087D2494793134F08">>},
 {<<"zotonic_mod_translation">>, <<"3AD66D320AA99151162803FA3372EF46F2844FB1954CBC32199656FC66A46997">>},
 {<<"zotonic_mod_twitter">>, <<"C0DCD735ED5809BB43A0BA04D875D94E89EE52F6CE1E204B90001CFD757B0D69">>},
 {<<"zotonic_mod_video">>, <<"206DE4F4B76822C2ABC3D9CF62D9DA31CFD3E2917FFF9D987EF221D68CB13CB3">>},
 {<<"zotonic_mod_video_embed">>, <<"A3944ED97FF6B64AB9B7C90CFBA2B8713123BE3B7AA6D0BA1E6EDB75536FCF1C">>},
 {<<"zotonic_mod_wires">>, <<"FEAE85389DAA0BB324E5FAB4F4D3F3BD9140B2F57776190494F87429C5DC8B27">>},
 {<<"zotonic_mod_zotonic_site_management">>, <<"7564AB1E1E42E9F959D4E69D3FC2B8EBEA0D8C0FE24FF36A9A07DCD51C253DF7">>},
 {<<"zotonic_notifier">>, <<"4CA9F86123A03BB633AEA2B963E4556ED818503A3BF1BE06EDFC4FA40611E78E">>},
 {<<"zotonic_rdf">>, <<"096C1E2E16582FE3F6253534068D22B39F246D84C01237C42A8B489B42BB7A16">>},
 {<<"zotonic_site_status">>, <<"A519D86DA0487489F87560E2283A1D2A28AAFB33F3A1353472FC401193E7FDA9">>},
 {<<"zotonic_ssl">>, <<"9280FF76A55744CB52CB874352ABD01D77E676FAD6E922B187E6D4D589CCE2A0">>},
 {<<"zotonic_stdlib">>, <<"D28519DD7946A605F569D823236EFE4A8F286C4FBEB536AE9D88788077CD6E09">>}]}
].
