{"1.2.0",
[{<<"bcrypt">>,{pkg,<<"bcrypt">>,<<"1.1.5">>},2},
 {<<"bear">>,{pkg,<<"bear">>,<<"0.8.7">>},4},
 {<<"bert">>,{pkg,<<"bert">>,<<"0.1.0">>},2},
 {<<"buffalo">>,{pkg,<<"buffalo">>,<<"2.0.0">>},2},
 {<<"certifi">>,{pkg,<<"certifi">>,<<"2.6.1">>},2},
 {<<"cf">>,{pkg,<<"cf">>,<<"0.3.1">>},3},
 {<<"cowboy">>,{pkg,<<"cowboy">>,<<"2.9.0">>},3},
 {<<"cowlib">>,{pkg,<<"cowlib">>,<<"2.11.0">>},3},
 {<<"cowmachine">>,{pkg,<<"cowmachine">>,<<"1.8.2">>},2},
 {<<"depcache">>,{pkg,<<"depcache">>,<<"1.7.1">>},2},
 {<<"dh_date">>,{pkg,<<"dh_date">>,<<"1.0.0">>},2},
 {<<"diffy">>,{pkg,<<"diffy">>,<<"1.1.2">>},2},
 {<<"dispatch_compiler">>,{pkg,<<"dispatch_compiler">>,<<"1.0.0">>},2},
 {<<"edown">>,{pkg,<<"edown">>,<<"0.8.4">>},2},
 {<<"eiconv">>,{pkg,<<"eiconv">>,<<"1.0.0">>},2},
 {<<"epgsql">>,{pkg,<<"epgsql">>,<<"4.5.0">>},2},
 {<<"erlang_exif">>,{pkg,<<"erlang_exif">>,<<"3.0.0">>},2},
 {<<"erlang_localtime">>,{pkg,<<"erlang_localtime">>,<<"1.0.0">>},2},
 {<<"erlexec">>,{pkg,<<"erlexec">>,<<"1.9.3">>},2},
 {<<"erlpass">>,{pkg,<<"erlpass">>,<<"1.0.4">>},2},
 {<<"erlware_commons">>,{pkg,<<"erlware_commons">>,<<"1.5.0">>},2},
 {<<"exometer_core">>,{pkg,<<"exometer_core">>,<<"1.5.7">>},2},
 {<<"filezcache">>,{pkg,<<"filezcache">>,<<"1.1.0">>},2},
 {<<"folsom">>,{pkg,<<"folsom">>,<<"0.8.7">>},3},
 {<<"gen_smtp">>,{pkg,<<"gen_smtp">>,<<"1.1.1">>},2},
 {<<"gproc">>,{pkg,<<"gproc">>,<<"0.9.0">>},2},
 {<<"gun">>,{pkg,<<"gun">>,<<"1.3.1">>},3},
 {<<"hut">>,{pkg,<<"hut">>,<<"1.2.1">>},3},
 {<<"jobs">>,{pkg,<<"jobs">>,<<"0.9.0">>},2},
 {<<"jsx">>,{pkg,<<"jsx">>,<<"3.0.0">>},2},
 {<<"jsxrecord">>,{pkg,<<"jsxrecord">>,<<"1.2.0">>},2},
 {<<"keyserver">>,{pkg,<<"keyserver">>,<<"1.0.0">>},2},
 {<<"locus">>,{pkg,<<"locus">>,<<"1.15.0">>},2},
 {<<"logstasher">>,{pkg,<<"logstasher">>,<<"1.0.0">>},2},
 {<<"meck">>,{pkg,<<"meck">>,<<"0.8.13">>},2},
 {<<"mimetypes">>,{pkg,<<"mimetypes">>,<<"1.1.0">>},2},
 {<<"mochiweb">>,{pkg,<<"mochiweb">>,<<"2.22.0">>},2},
 {<<"mqtt_packet_map">>,{pkg,<<"mqtt_packet_map">>,<<"1.1.0">>},3},
 {<<"mqtt_sessions">>,{pkg,<<"mqtt_sessions">>,<<"2.0.0">>},2},
 {<<"oauth">>,{pkg,<<"oauth">>,<<"2.1.0">>},2},
 {<<"parse_trans">>,{pkg,<<"parse_trans">>,<<"3.4.0">>},2},
 {<<"poolboy">>,{pkg,<<"poolboy">>,<<"1.5.2">>},2},
 {<<"proper">>,{pkg,<<"proper">>,<<"1.4.0">>},2},
 {<<"qdate">>,{pkg,<<"qdate">>,<<"0.7.0">>},2},
 {<<"qdate_localtime">>,{pkg,<<"qdate_localtime">>,<<"1.2.0">>},2},
 {<<"ranch">>,{pkg,<<"ranch">>,<<"1.8.0">>},2},
 {<<"recon">>,{pkg,<<"recon">>,<<"2.5.2">>},2},
 {<<"ringbuffer">>,{pkg,<<"ringbuffer">>,<<"1.2.0">>},2},
 {<<"router">>,{pkg,<<"router">>,<<"1.0.4">>},3},
 {<<"s3filez">>,{pkg,<<"s3filez">>,<<"1.2.0">>},2},
 {<<"setup">>,{pkg,<<"setup">>,<<"2.1.0">>},2},
 {<<"shotgun">>,{pkg,<<"shotgun">>,<<"0.5.2">>},2},
 {<<"sidejob">>,{pkg,<<"sidejob">>,<<"2.1.0">>},2},
 {<<"ssl_verify_fun">>,{pkg,<<"ssl_verify_fun">>,<<"1.1.6">>},2},
 {<<"syslog">>,{pkg,<<"syslog">>,<<"1.1.0">>},2},
 {<<"template_compiler">>,{pkg,<<"template_compiler">>,<<"2.1.1">>},2},
 {<<"termit">>,{pkg,<<"termit">>,<<"2.0.1">>},2},
 {<<"tls_certificate_check">>,
  {pkg,<<"tls_certificate_check">>,<<"1.11.0">>},
  2},
 {<<"yamerl">>,{pkg,<<"yamerl">>,<<"0.8.1">>},2},
 {<<"zotonic_apps">>,{pkg,<<"zotonic_apps">>,<<"1.0.0-rc.3">>},0},
 {<<"zotonic_core">>,{pkg,<<"zotonic_core">>,<<"1.0.0-rc.3">>},1},
 {<<"zotonic_filehandler">>,
  {pkg,<<"zotonic_filehandler">>,<<"1.0.0-rc.3">>},
  1},
 {<<"zotonic_fileindexer">>,
  {pkg,<<"zotonic_fileindexer">>,<<"1.0.0-rc.3">>},
  1},
 {<<"zotonic_filewatcher">>,
  {pkg,<<"zotonic_filewatcher">>,<<"1.0.0-rc.3">>},
  1},
 {<<"zotonic_launcher">>,{pkg,<<"zotonic_launcher">>,<<"1.0.0-rc.3">>},1},
 {<<"zotonic_listen_http">>,
  {pkg,<<"zotonic_listen_http">>,<<"1.0.0-rc.3">>},
  1},
 {<<"zotonic_listen_mqtt">>,
  {pkg,<<"zotonic_listen_mqtt">>,<<"1.0.0-rc.3">>},
  1},
 {<<"zotonic_listen_smtp">>,
  {pkg,<<"zotonic_listen_smtp">>,<<"1.0.0-rc.3">>},
  1},
 {<<"zotonic_mod_acl_user_groups">>,
  {pkg,<<"zotonic_mod_acl_user_groups">>,<<"1.0.0-rc.3">>},
  1},
 {<<"zotonic_mod_admin">>,{pkg,<<"zotonic_mod_admin">>,<<"1.0.0-rc.3">>},1},
 {<<"zotonic_mod_admin_category">>,
  {pkg,<<"zotonic_mod_admin_category">>,<<"1.0.0-rc.3">>},
  1},
 {<<"zotonic_mod_admin_config">>,
  {pkg,<<"zotonic_mod_admin_config">>,<<"1.0.0-rc.3">>},
  1},
 {<<"zotonic_mod_admin_frontend">>,
  {pkg,<<"zotonic_mod_admin_frontend">>,<<"1.0.0-rc.3">>},
  1},
 {<<"zotonic_mod_admin_identity">>,
  {pkg,<<"zotonic_mod_admin_identity">>,<<"1.0.0-rc.3">>},
  1},
 {<<"zotonic_mod_admin_merge">>,
  {pkg,<<"zotonic_mod_admin_merge">>,<<"1.0.0-rc.3">>},
  1},
 {<<"zotonic_mod_admin_modules">>,
  {pkg,<<"zotonic_mod_admin_modules">>,<<"1.0.0-rc.3">>},
  1},
 {<<"zotonic_mod_admin_predicate">>,
  {pkg,<<"zotonic_mod_admin_predicate">>,<<"1.0.0-rc.3">>},
  1},
 {<<"zotonic_mod_admin_statistics">>,
  {pkg,<<"zotonic_mod_admin_statistics">>,<<"1.0.0-rc.3">>},
  1},
 {<<"zotonic_mod_artwork">>,
  {pkg,<<"zotonic_mod_artwork">>,<<"1.0.0-rc.3">>},
  1},
 {<<"zotonic_mod_audio">>,{pkg,<<"zotonic_mod_audio">>,<<"1.0.0-rc.3">>},1},
 {<<"zotonic_mod_auth2fa">>,
  {pkg,<<"zotonic_mod_auth2fa">>,<<"1.0.0-rc.3">>},
  1},
 {<<"zotonic_mod_authentication">>,
  {pkg,<<"zotonic_mod_authentication">>,<<"1.0.0-rc.3">>},
  1},
 {<<"zotonic_mod_backup">>,{pkg,<<"zotonic_mod_backup">>,<<"1.0.0-rc.3">>},1},
 {<<"zotonic_mod_base">>,{pkg,<<"zotonic_mod_base">>,<<"1.0.0-rc.3">>},1},
 {<<"zotonic_mod_bootstrap">>,
  {pkg,<<"zotonic_mod_bootstrap">>,<<"1.0.0-rc.3">>},
  1},
 {<<"zotonic_mod_clamav">>,{pkg,<<"zotonic_mod_clamav">>,<<"1.0.0-rc.3">>},1},
 {<<"zotonic_mod_comment">>,
  {pkg,<<"zotonic_mod_comment">>,<<"1.0.0-rc.3">>},
  1},
 {<<"zotonic_mod_contact">>,
  {pkg,<<"zotonic_mod_contact">>,<<"1.0.0-rc.3">>},
  1},
 {<<"zotonic_mod_content_groups">>,
  {pkg,<<"zotonic_mod_content_groups">>,<<"1.0.0-rc.3">>},
  1},
 {<<"zotonic_mod_cron">>,{pkg,<<"zotonic_mod_cron">>,<<"1.0.0-rc.3">>},1},
 {<<"zotonic_mod_custom_redirect">>,
  {pkg,<<"zotonic_mod_custom_redirect">>,<<"1.0.0-rc.3">>},
  1},
 {<<"zotonic_mod_development">>,
  {pkg,<<"zotonic_mod_development">>,<<"1.0.0-rc.3">>},
  1},
 {<<"zotonic_mod_editor_tinymce">>,
  {pkg,<<"zotonic_mod_editor_tinymce">>,<<"1.0.0-rc.3">>},
  1},
 {<<"zotonic_mod_email_dkim">>,
  {pkg,<<"zotonic_mod_email_dkim">>,<<"1.0.0-rc.3">>},
  1},
 {<<"zotonic_mod_email_receive">>,
  {pkg,<<"zotonic_mod_email_receive">>,<<"1.0.0-rc.3">>},
  1},
 {<<"zotonic_mod_email_relay">>,
  {pkg,<<"zotonic_mod_email_relay">>,<<"1.0.0-rc.3">>},
  1},
 {<<"zotonic_mod_email_status">>,
  {pkg,<<"zotonic_mod_email_status">>,<<"1.0.0-rc.3">>},
  1},
 {<<"zotonic_mod_export">>,{pkg,<<"zotonic_mod_export">>,<<"1.0.0-rc.3">>},1},
 {<<"zotonic_mod_facebook">>,
  {pkg,<<"zotonic_mod_facebook">>,<<"1.0.0-rc.3">>},
  1},
 {<<"zotonic_mod_filestore">>,
  {pkg,<<"zotonic_mod_filestore">>,<<"1.0.0-rc.3">>},
  1},
 {<<"zotonic_mod_fileuploader">>,
  {pkg,<<"zotonic_mod_fileuploader">>,<<"1.0.0-rc.3">>},
  1},
 {<<"zotonic_mod_geoip">>,{pkg,<<"zotonic_mod_geoip">>,<<"1.0.0-rc.3">>},1},
 {<<"zotonic_mod_image_edit">>,
  {pkg,<<"zotonic_mod_image_edit">>,<<"1.0.0-rc.3">>},
  1},
 {<<"zotonic_mod_import_csv">>,
  {pkg,<<"zotonic_mod_import_csv">>,<<"1.0.0-rc.3">>},
  1},
 {<<"zotonic_mod_import_wordpress">>,
  {pkg,<<"zotonic_mod_import_wordpress">>,<<"1.0.0-rc.3">>},
  1},
 {<<"zotonic_mod_l10n">>,{pkg,<<"zotonic_mod_l10n">>,<<"1.0.0-rc.3">>},1},
 {<<"zotonic_mod_linkedin">>,
  {pkg,<<"zotonic_mod_linkedin">>,<<"1.0.0-rc.3">>},
  1},
 {<<"zotonic_mod_logging">>,
  {pkg,<<"zotonic_mod_logging">>,<<"1.0.0-rc.3">>},
  1},
 {<<"zotonic_mod_mailinglist">>,
  {pkg,<<"zotonic_mod_mailinglist">>,<<"1.0.0-rc.3">>},
  1},
 {<<"zotonic_mod_media_exif">>,
  {pkg,<<"zotonic_mod_media_exif">>,<<"1.0.0-rc.3">>},
  1},
 {<<"zotonic_mod_menu">>,{pkg,<<"zotonic_mod_menu">>,<<"1.0.0-rc.3">>},1},
 {<<"zotonic_mod_microsoft">>,
  {pkg,<<"zotonic_mod_microsoft">>,<<"1.0.0-rc.3">>},
  1},
 {<<"zotonic_mod_mqtt">>,{pkg,<<"zotonic_mod_mqtt">>,<<"1.0.0-rc.3">>},1},
 {<<"zotonic_mod_oauth2">>,{pkg,<<"zotonic_mod_oauth2">>,<<"1.0.0-rc.3">>},1},
 {<<"zotonic_mod_oembed">>,{pkg,<<"zotonic_mod_oembed">>,<<"1.0.0-rc.3">>},1},
 {<<"zotonic_mod_ratelimit">>,
  {pkg,<<"zotonic_mod_ratelimit">>,<<"1.0.0-rc.3">>},
  1},
 {<<"zotonic_mod_search">>,{pkg,<<"zotonic_mod_search">>,<<"1.0.0-rc.3">>},1},
 {<<"zotonic_mod_seo">>,{pkg,<<"zotonic_mod_seo">>,<<"1.0.0-rc.3">>},1},
 {<<"zotonic_mod_seo_sitemap">>,
  {pkg,<<"zotonic_mod_seo_sitemap">>,<<"1.0.0-rc.3">>},
  1},
 {<<"zotonic_mod_server_storage">>,
  {pkg,<<"zotonic_mod_server_storage">>,<<"1.0.0-rc.3">>},
  1},
 {<<"zotonic_mod_signup">>,{pkg,<<"zotonic_mod_signup">>,<<"1.0.0-rc.3">>},1},
 {<<"zotonic_mod_site_update">>,
  {pkg,<<"zotonic_mod_site_update">>,<<"1.0.0-rc.3">>},
  1},
 {<<"zotonic_mod_ssl_ca">>,{pkg,<<"zotonic_mod_ssl_ca">>,<<"1.0.0-rc.3">>},1},
 {<<"zotonic_mod_ssl_letsencrypt">>,
  {pkg,<<"zotonic_mod_ssl_letsencrypt">>,<<"1.0.0-rc.3">>},
  1},
 {<<"zotonic_mod_survey">>,{pkg,<<"zotonic_mod_survey">>,<<"1.0.0-rc.3">>},1},
 {<<"zotonic_mod_syslog">>,{pkg,<<"zotonic_mod_syslog">>,<<"1.0.0-rc.3">>},1},
 {<<"zotonic_mod_tkvstore">>,
  {pkg,<<"zotonic_mod_tkvstore">>,<<"1.0.0-rc.3">>},
  1},
 {<<"zotonic_mod_translation">>,
  {pkg,<<"zotonic_mod_translation">>,<<"1.0.0-rc.3">>},
  1},
 {<<"zotonic_mod_twitter">>,
  {pkg,<<"zotonic_mod_twitter">>,<<"1.0.0-rc.3">>},
  1},
 {<<"zotonic_mod_video">>,{pkg,<<"zotonic_mod_video">>,<<"1.0.0-rc.3">>},1},
 {<<"zotonic_mod_video_embed">>,
  {pkg,<<"zotonic_mod_video_embed">>,<<"1.0.0-rc.3">>},
  1},
 {<<"zotonic_mod_wires">>,{pkg,<<"zotonic_mod_wires">>,<<"1.0.0-rc.3">>},1},
 {<<"zotonic_mod_zotonic_site_management">>,
  {pkg,<<"zotonic_mod_zotonic_site_management">>,<<"1.0.0-rc.3">>},
  1},
 {<<"zotonic_notifier">>,{pkg,<<"zotonic_notifier">>,<<"1.0.0-rc.3">>},1},
 {<<"zotonic_rdf">>,{pkg,<<"zotonic_rdf">>,<<"1.0.1">>},2},
 {<<"zotonic_site_status">>,
  {pkg,<<"zotonic_site_status">>,<<"1.0.0-rc.3">>},
  1},
 {<<"zotonic_ssl">>,{pkg,<<"zotonic_ssl">>,<<"1.1.0">>},2},
 {<<"zotonic_stdlib">>,{pkg,<<"zotonic_stdlib">>,<<"1.6.0">>},2}]}.
[
{pkg_hash,[
 {<<"bcrypt">>, <<"A6763BD4E1AF46D34776F85B7995E63A02978DE110C077E9570ED17006E03386">>},
 {<<"bear">>, <<"16264309AE5D005D03718A5C82641FCC259C9E8F09ADEB6FD79CA4271168656F">>},
 {<<"bert">>, <<"A87D6693515070A9B287C1043CB7E5B2406BE0357685022764BFBD2609703555">>},
 {<<"buffalo">>, <<"F4BEDBB1BFA22004BB949C4579FDCD0DCC8E2C7A44D94CC380B494D48365789B">>},
 {<<"certifi">>, <<"DBAB8E5E155A0763EEA978C913CA280A6B544BFA115633FA20249C3D396D9493">>},
 {<<"cf">>, <<"5CB902239476E141EA70A740340233782D363A31EEA8AD37049561542E6CD641">>},
 {<<"cowboy">>, <<"865DD8B6607E14CF03282E10E934023A1BD8BE6F6BACF921A7E2A96D800CD452">>},
 {<<"cowlib">>, <<"0B9FF9C346629256C42EBE1EEB769A83C6CB771A6EE5960BD110AB0B9B872063">>},
 {<<"cowmachine">>, <<"75C97EC0C9D02D74EAA906FC338C7947596E40A4CEAB8D33AC28CB37D31DC0B4">>},
 {<<"depcache">>, <<"BB85FDD459FAF1374773EDA4249D2C1F037A32C509AC1E1C89654CAB3D4CC233">>},
 {<<"dh_date">>, <<"5B0C286665E160DE44132552931BEF06B5CB2244D5BD20E333A686E9D8BF92E3">>},
 {<<"diffy">>, <<"7060E34FD512F210056B7E66E8D315CB90D06B97A6656D92FC299EB91692E36E">>},
 {<<"dispatch_compiler">>, <<"E55A3A7B5CC6F5F3887691FF600C177B52534504C8C67804DCE115B5756F2FA0">>},
 {<<"edown">>, <<"C0ADDD5530A66E4C8B4A68FFDE122F7DD710EAED815492E438AAAFE63D4C76E1">>},
 {<<"eiconv">>, <<"EE1E47EE37799A05BEFF7A68D61F63CCCC93101833C4FB94B454C23B12A21629">>},
 {<<"epgsql">>, <<"CA863EE3A771E7696AE58EC924A29DF8435CDAFFA64DBA70C02DD2571AD2122D">>},
 {<<"erlang_exif">>, <<"557457BD2C48637ABD356D10059C5A6A1BC88AA152645A1DD43D2D843FCDADBB">>},
 {<<"erlang_localtime">>, <<"497DFD4D13523D3E0EECDCB8D6D59857CF642A17A6BDC6133FF906FDAF2AEF21">>},
 {<<"erlexec">>, <<"3D72AC65424CED35B9658A50E5A0C9DBD5F383E28AC9096E557F0D62926DD8E4">>},
 {<<"erlpass">>, <<"395BAAF1E296B7B46C9D296C25040AF1B7EB91731F208D772BA346AB4572A8FC">>},
 {<<"erlware_commons">>, <<"918C56D8FB3BE52AF0DF138ED6E0755E764AD4467CD7D025761F7D0A17D3DEC1">>},
 {<<"exometer_core">>, <<"AB97E34A5D69AB14E6AE161DB4CCA5B5E655E635B842F830EE6AB2CBFCFDC30A">>},
 {<<"filezcache">>, <<"6F59DEB2A507CF39647DEA275DA664F7ACA19AB6B9424828AEC36587CED7B715">>},
 {<<"folsom">>, <<"A885F0AEEE4C84270954C88A55A5A473D6B2C7493E32FFDC5765412DD555A951">>},
 {<<"gen_smtp">>, <<"BF9303C31735100631B1D708D629E4C65944319D1143B5C9952054F4A1311D85">>},
 {<<"gproc">>, <<"853CCB7805E9ADA25D227A157BA966F7B34508F386A3E7E21992B1B484230699">>},
 {<<"gun">>, <<"1489FD96018431B89F401041A9CE0B02B45265247F0FDCF71273BF087C64EA4F">>},
 {<<"hut">>, <<"08D46679523043424870723923971889E8A34D63B2F946A35B46CF921D1236E7">>},
 {<<"jobs">>, <<"B2F0071531C4A48575A096FEC428DCDD4555C64E5086FE521FCEAF581B1F51DC">>},
 {<<"jsx">>, <<"20A170ABD4335FC6DB24D5FAD1E5D677C55DADF83D1B20A8A33B5FE159892A39">>},
 {<<"jsxrecord">>, <<"7C029EFCC0C8F48D4FFB9FB1401855051974535228775789A15DBBC360D2060B">>},
 {<<"keyserver">>, <<"09F9841C0721062C455E1FE02070DD4298EC821B9396419F36F0B3B2B3BB5A12">>},
 {<<"locus">>, <<"FA10AF0AE8AFC3D8D66B32B04A877316A54D9143831F9EE0D317012056C6E9FB">>},
 {<<"logstasher">>, <<"201887477C830545493025CE871D276FD923E6193ED5B8D3DE49B448B8B7A03F">>},
 {<<"meck">>, <<"FFEDB39F99B0B99703B8601C6F17C7F76313EE12DE6B646E671E3188401F7866">>},
 {<<"mimetypes">>, <<"82D455AE77558C0B839D7EF8F862FB67AD4450CD394FC728F8D894078F95B40F">>},
 {<<"mochiweb">>, <<"F104D6747C01A330C38613561977E565B788B9170055C5241AC9DD6E4617CBA5">>},
 {<<"mqtt_packet_map">>, <<"4D44C0673B936491F9BE7AF4908092AB902C0ADFD168158DC73953A3A560C547">>},
 {<<"mqtt_sessions">>, <<"8369F0C6233D65AC8FAFC2B4F34F04FB9EA6823BFB2627125E66C4296C981184">>},
 {<<"oauth">>, <<"D339CD258E3384703CB75D21A7958F0258FD1B7B0022BC59AEA154BE74B817CC">>},
 {<<"parse_trans">>, <<"BB87AC362A03CA674EBB7D9D498F45C03256ADED7214C9101F7035EF44B798C7">>},
 {<<"poolboy">>, <<"392B007A1693A64540CEAD79830443ABF5762F5D30CF50BC95CB2C1AAAFA006B">>},
 {<<"proper">>, <<"89A44B8C39D28BB9B4BE8E4D715D534905B325470F2E0EC5E004D12484A79434">>},
 {<<"qdate">>, <<"EBFFBE723E5290714ADCB74AFA1FBDB89DF152586B491F56306B29526D93975B">>},
 {<<"qdate_localtime">>, <<"644ADE4C7F7EAC765E2048DFA714D78EA86BAF5255FE46279B2EAC5729760A07">>},
 {<<"ranch">>, <<"8C7A100A139FD57F17327B6413E4167AC559FBC04CA7448E9BE9057311597A1D">>},
 {<<"recon">>, <<"CBA53FA8DB83AD968C9A652E09C3ED7DDCC4DA434F27C3EAA9CA47FFB2B1FF03">>},
 {<<"ringbuffer">>, <<"A64CBAED172B0D75998732F09CDADDC289438E92DA8CB2849FE71D4F87A8F654">>},
 {<<"router">>, <<"E9311B9D296B41C9484FC933EFD847F87E7DCBAD94DEE1566FB77570CA59EF2C">>},
 {<<"s3filez">>, <<"86533C4A36820134279118FA53CC9CB84FDC3DE4A072181D91DD2E1BABDED1DF">>},
 {<<"setup">>, <<"05F69185A5EB71474C9BC6BA892565651EC7507791F85632B7B914DBFE130510">>},
 {<<"shotgun">>, <<"97FDC03DEB95A168C96CD5A8928958385223B56FC82C6AB2EF631CFBA4C9580C">>},
 {<<"sidejob">>, <<"5D6A7C9C620778CB1908E46B552D767DF2ED4D77070BB7B5B8773D4FF18D1D37">>},
 {<<"ssl_verify_fun">>, <<"CF344F5692C82D2CD7554F5EC8FD961548D4FD09E7D22F5B62482E5AEAEBD4B0">>},
 {<<"syslog">>, <<"6419A232BEA84F07B56DC575225007FFE34D9FDC91ABE6F1B2F254FD71D8EFC2">>},
 {<<"template_compiler">>, <<"DF70959D64AD5B541891D35C2E304E9D16859078183F54B2CE9224ECF1AB7A7E">>},
 {<<"termit">>, <<"A132BF2EBB499A362A5486E451E0F87441C8363DD8E7FDA72DAD6CD03100B851">>},
 {<<"tls_certificate_check">>, <<"609DCD503F31170F0799DAC380EB0E086388CF918FC769AAA60DDD6BBF575218">>},
 {<<"yamerl">>, <<"07DA13FFA1D8E13948943789665C62CCD679DFA7B324A4A2ED3149DF17F453A4">>},
 {<<"zotonic_apps">>, <<"4BD785A606B56CE45CD7CF24E078F23A2AB9BEC555D101A8B8814FE822063A08">>},
 {<<"zotonic_core">>, <<"571D68D10D843D788229C2FD8B7409E9580FFFC7712A08CA9FB00FD4A561E03F">>},
 {<<"zotonic_filehandler">>, <<"7478AF3A0DD215B106AB4BFD2BE42AF9330454D9083EE662E74AF364091380CA">>},
 {<<"zotonic_fileindexer">>, <<"747F8F6740FB3D02FF8EB8DC090F13997D0118E1725C2EFBA3D82C1677F242D4">>},
 {<<"zotonic_filewatcher">>, <<"97C4A88E9C81E49D5186C1E6CC7AF62D20F269CDADDD3EB966501218C43DE710">>},
 {<<"zotonic_launcher">>, <<"2E00AEDFEC9F2F31F1BF3311ADCD923170CE59BAC895825112D0EBA8BDE8D504">>},
 {<<"zotonic_listen_http">>, <<"38FE5EF43EC06F30A3C0B2AEAE506CF05922E822F6238F7DE91004DA222F6BC5">>},
 {<<"zotonic_listen_mqtt">>, <<"4668FF460AF1136B0B4A55DD90B13E001A13617E94D3D1CE5A57524F22E34693">>},
 {<<"zotonic_listen_smtp">>, <<"A38BD7FC758942843B74303E9AD8F500B27F76274D07681B53E875806225D7B3">>},
 {<<"zotonic_mod_acl_user_groups">>, <<"C50660A5C18484605D0D9087BC3749C2BA5D2C2AD17B87D94386C3EDD42DDB92">>},
 {<<"zotonic_mod_admin">>, <<"46538B2909B980AA8760E550B1A970830A80CFFF5E91A6C9BFBCE080C2665730">>},
 {<<"zotonic_mod_admin_category">>, <<"90809D644ABA325BB391DA88F385E218520FE07C180AD097AF61EB1775E28F60">>},
 {<<"zotonic_mod_admin_config">>, <<"1EBE65DBDD2267783C39649A272D6C76ECCC5988E1F910FB346FE4709E3124C5">>},
 {<<"zotonic_mod_admin_frontend">>, <<"2709E4A6025EB8C02ED132BD6E72235427942AE67B493D0E8FEB2175CE55C363">>},
 {<<"zotonic_mod_admin_identity">>, <<"4861B608722886DB67139589827D27E9D2FCFFA9FAA87B503CF4D495E3557BEA">>},
 {<<"zotonic_mod_admin_merge">>, <<"F53386DEA5179F62B5276353B213989C792EDB61F2D9ED1C7DB04D42E746A231">>},
 {<<"zotonic_mod_admin_modules">>, <<"B98F82A79850D1C931CC4902D8F425DB24000D7D84C03E63BEF1090610149CAF">>},
 {<<"zotonic_mod_admin_predicate">>, <<"ECDDEF95D1BB5D47C819351A7523B8771340809C953A1C4C990C7AD14C513586">>},
 {<<"zotonic_mod_admin_statistics">>, <<"E77ACD1CA079D4EC39F4BA7E20AC5B32CBAB886F67B0D58C034842C8D72C4CDF">>},
 {<<"zotonic_mod_artwork">>, <<"EBC079E5439615DBD620E95B3808B82582665A2A880ACB32295270083EEF001B">>},
 {<<"zotonic_mod_audio">>, <<"90BBC2B53CB036BFE25220262A9A07CDFD293A79EDB66E209E48CE0F3775AD36">>},
 {<<"zotonic_mod_auth2fa">>, <<"3227EBC7B8F7AB091071BB281AF87F6D03AD4AE78AFC93270D6145E3354D439A">>},
 {<<"zotonic_mod_authentication">>, <<"0BD37EFADEAC34401014041A5D5AD6B6E76861ECCB8F2B0C47B5D6138517289A">>},
 {<<"zotonic_mod_backup">>, <<"2ACDD92193860EC73AF68C825AE29542AE7450BE03A4FFD55D0A104A73DF42F2">>},
 {<<"zotonic_mod_base">>, <<"7649DF23F0AA2042A7F7608E3F031812D8D799F48BB3E7424C3DA842C3BEDBA4">>},
 {<<"zotonic_mod_bootstrap">>, <<"ED40E23E521120EF7E1870C8F99FA53EAE3538E0C97C3613F997CF295160EAD1">>},
 {<<"zotonic_mod_clamav">>, <<"CE3F4D8BD66449C22062B333341522CEFFAF13799B6F4AEF9B509737C7DE394F">>},
 {<<"zotonic_mod_comment">>, <<"4DF24F450B773191EA754A7C18D9EF819CE0AD97694B0DF2471E4735579E2CED">>},
 {<<"zotonic_mod_contact">>, <<"DA45572805A215C10E1E1679D54AA08CBFF603648747509E9A5382C84645703B">>},
 {<<"zotonic_mod_content_groups">>, <<"EF5576E299349A7C92F8B8C381151125B5516A350A04E5F659864C27744E246C">>},
 {<<"zotonic_mod_cron">>, <<"94AB30762477814D678FEC48D51B1FAA77082B48AACDCAC97CB43BF22D7DCDDF">>},
 {<<"zotonic_mod_custom_redirect">>, <<"0983488E116077C2CA6E408CCDC057E92F1F8A1E4133BC73EF77452A3138CCA5">>},
 {<<"zotonic_mod_development">>, <<"81191C079BC46C7C150D637BD74725E3684A0F2E6B62C935347263B331C6F7E1">>},
 {<<"zotonic_mod_editor_tinymce">>, <<"6AE8A04CEFAA46F34F3C10FF06644028AB1E820BFA27D49EDBDC276F26625DD3">>},
 {<<"zotonic_mod_email_dkim">>, <<"C8AA0779002DBA201805566E817F391E8B77FEDB71A6512FA973A25857F2A7DA">>},
 {<<"zotonic_mod_email_receive">>, <<"504BCFE850809BB200FDE289D99F1A56ED0BA3EC44603F284D2C61459ADEFB63">>},
 {<<"zotonic_mod_email_relay">>, <<"22E438C4E1E421738E767C946F95CD10CD025B21828687E5930A4A4F54BC5946">>},
 {<<"zotonic_mod_email_status">>, <<"B37CEB9CE4A776275F318D16E9E883CC9CFBD459A32F5EEC3A7F73A3D02518A7">>},
 {<<"zotonic_mod_export">>, <<"8AD6F1FC1752DC2662DC8F841EFA287AF4A1FA7889E60812D12159922E44F020">>},
 {<<"zotonic_mod_facebook">>, <<"EB0C086460AD8457E5F49649A2E51683632FF4351AD90A9D25E6C327A474DAED">>},
 {<<"zotonic_mod_filestore">>, <<"A237C30947A5FF1AB85F82EE0A1CC23344C7157F7D868174E5F760B95C607802">>},
 {<<"zotonic_mod_fileuploader">>, <<"C94FA26A3F083259E23D43B7BC96DFC4D393301C22C6BD5ADDF73BF50E7F7CEF">>},
 {<<"zotonic_mod_geoip">>, <<"5E766BBA7DA12AAF3285CC8E3FB2598C8F947B38758BB78F963E3357D4AC9908">>},
 {<<"zotonic_mod_image_edit">>, <<"30B0C081C119BF5667E457E30528F435909EE8597F908479F33A25BBBCA72CBB">>},
 {<<"zotonic_mod_import_csv">>, <<"65472E5D12D688B3D97DF25BDAEF35EFDC57CD7EC7AD90084479F3C4F64929CF">>},
 {<<"zotonic_mod_import_wordpress">>, <<"BB7EB4649CC806E14690B2DC163B49BCA5709D52B3DA9B46929DE40FCDA35690">>},
 {<<"zotonic_mod_l10n">>, <<"AD220F27F08A7AABF369E755DFFEA1920CBD7AB55501E45EB3F74AC86FCC1544">>},
 {<<"zotonic_mod_linkedin">>, <<"F746D4D4947B8E264EC5A3C446E042C725F1480696CA6832336F5BB5A825B728">>},
 {<<"zotonic_mod_logging">>, <<"AFF521575B73B6AA9B2CCDA1B56DC9E6D68ED8043AA03AE92C5D6AEF4A846D72">>},
 {<<"zotonic_mod_mailinglist">>, <<"7633144AB7E2A592E6188929B0FC357DCFA2AC78F7DBDDEBD2B57A8E8F7BADBC">>},
 {<<"zotonic_mod_media_exif">>, <<"DB0DEFE34D981F2C121723386A1D6F051AB6C0880D4AF587C2BBDAF580125210">>},
 {<<"zotonic_mod_menu">>, <<"EFD24EE77D03C9EC9D668978256051B27FCBB09919EA828A4B938247D7FCCD57">>},
 {<<"zotonic_mod_microsoft">>, <<"962BEBDBCE97B4C0AC5E0594FF07FD2F9C27E0DB00DA3B993000DE07AA1BACC2">>},
 {<<"zotonic_mod_mqtt">>, <<"8AE3A5A54928D5439795D30D25F6FF0A82F42B48A33E35BF28F247D724845C59">>},
 {<<"zotonic_mod_oauth2">>, <<"7309DC06D5E02B47A6BC7EFA3A2419ED921C6AC4F07BDE5052ABB530D46CBC28">>},
 {<<"zotonic_mod_oembed">>, <<"F230419D6A56F0CF80437F2DD926212E636E84EEE992C0BE4EB795B2E5FC1323">>},
 {<<"zotonic_mod_ratelimit">>, <<"1EAE818E52E46FDA1C1686B988CD72DF845A360C1BDCDA0F91ED693D6FA83C33">>},
 {<<"zotonic_mod_search">>, <<"69386F1CAF7178579436AEB25D24C3405988313DD5FA6CD140CB5828565452A0">>},
 {<<"zotonic_mod_seo">>, <<"40BD0DC308B599494225C7649EDE7CA2F99067364BABC85FA6DD05F6FDC4ABD6">>},
 {<<"zotonic_mod_seo_sitemap">>, <<"3534D3DAF6D490EE61CD4E668C9E77EEBEDB77C06B66EEE2AE73EBA356058263">>},
 {<<"zotonic_mod_server_storage">>, <<"506658F5767DC2A2A1DE7731B4E82BDA970D66827E2D3244D04795CA669505B4">>},
 {<<"zotonic_mod_signup">>, <<"197203D737AB5FDE9760FFA2066510C7E6A8BBFD6F9A3B448FDAB2952FCB2FDA">>},
 {<<"zotonic_mod_site_update">>, <<"4CBF4B7E1F83B74693DDCB90C660B0158C4489C4F4AF5C84A9A664A8D35FEF8D">>},
 {<<"zotonic_mod_ssl_ca">>, <<"C09A7A172D9EC5796410AA576C84AAECDCC4F4F8AF9245113452247928961D76">>},
 {<<"zotonic_mod_ssl_letsencrypt">>, <<"DCFAD2B26E753986D6F711F01D2A447991E2D414D7743A23E3F6CE9893373ACC">>},
 {<<"zotonic_mod_survey">>, <<"4D6ED33189251EE4686A06A3F03AC9093BFF6B1B53BD44CE53E9119BA3B99010">>},
 {<<"zotonic_mod_syslog">>, <<"D878262E0C4FEB0A1E154C9207CCD900C4226C8D02E447FBF963DCA52DA8896E">>},
 {<<"zotonic_mod_tkvstore">>, <<"FA1E78BE4110BBB170CBCC20A9250ACDF51535051103A0638338F63EF794CCF0">>},
 {<<"zotonic_mod_translation">>, <<"511505594E9514B17DFDCAF7710FCC871CA6D844B1896BC8CE70D1B2E60DF3D2">>},
 {<<"zotonic_mod_twitter">>, <<"B309310AC0CCFDEBE8793A7B161DE5E0F186CF43F88F6C0B1AFF0998F24824C1">>},
 {<<"zotonic_mod_video">>, <<"A9C201556D2971532E824D6E1314FC510D86B8FBCF330B8E458EC26107FACC3A">>},
 {<<"zotonic_mod_video_embed">>, <<"F289C21A09D1F37DF9DCB69FCB16CA62D4B6B9CD7B4D39BD4321D93A68FCC803">>},
 {<<"zotonic_mod_wires">>, <<"601444DE008061AA7C7A8652F2B5A7F093012B8CD1F6A992DC6F0E5E50A47A74">>},
 {<<"zotonic_mod_zotonic_site_management">>, <<"600F1EE6DFC9D91DA043EEE17EFEA3F8231E8E0EAE8FD49248D84ABA403C6F36">>},
 {<<"zotonic_notifier">>, <<"2FC55BEEC93B377FBA8F51DA8B3D7ED77CE792A6474B6B1A4994A1A4CB40C7EF">>},
 {<<"zotonic_rdf">>, <<"D0E72A13D179549E6520BFCCFFD25F4C93533098698EE77F73CFE5778345D708">>},
 {<<"zotonic_site_status">>, <<"DCFB5E2AFB6110299130A05E3E0BC3106A6D8E3D3443666E5C2682E945C2592D">>},
 {<<"zotonic_ssl">>, <<"16A96C8B9597F977EC12B179CB2ED6C635674BB1BA7CEC24C5999191C3C95BDD">>},
 {<<"zotonic_stdlib">>, <<"872E85BD2DC8A49A4DA255E4DF6C1B4DDC993E59024D02303BD6A5DF0868859B">>}]},
{pkg_hash_ext,[
 {<<"bcrypt">>, <<"3418821BC17CE6E96A4A77D1A88D7485BF783E212069FACFC79510AFBFF95352">>},
 {<<"bear">>, <<"534217DCE6A719D59E54FB0EB7A367900DBFC5F85757E8C1F94269DF383F6D9B">>},
 {<<"bert">>, <<"2A561521EC3529B248658A3E2D3D4BFE6729B0AB8291C701BF15EF413EDA1506">>},
 {<<"buffalo">>, <<"97653C8E2958D9032FC4D5F5EAAD65BFAABCE4B82937703F82B04FBD356C25EA">>},
 {<<"certifi">>, <<"524C97B4991B3849DD5C17A631223896272C6B0AF446778BA4675A1DFF53BB7E">>},
 {<<"cf">>, <<"315E8D447D3A4B02BCDBFA397AD03BBB988A6E0AA6F44D3ADD0F4E3C3BF97672">>},
 {<<"cowboy">>, <<"2C729F934B4E1AA149AFF882F57C6372C15399A20D54F65C8D67BEF583021BDE">>},
 {<<"cowlib">>, <<"2B3E9DA0B21C4565751A6D4901C20D1B4CC25CBB7FD50D91D2AB6DD287BC86A9">>},
 {<<"cowmachine">>, <<"7CB87D27D6532BBD213CF5A43FD889B08B03D718F6F176A3876FA22DD0D91129">>},
 {<<"depcache">>, <<"40A441A5B1B8E322263C4E6EF35A7D5BC75D080E7A4AAB0D02BCE6059DF53BC1">>},
 {<<"dh_date">>, <<"3F5D908383A0243A693147EA85A5654769B90078AC999A076ED6F0917F7614CF">>},
 {<<"diffy">>, <<"9A59BBDCAFB6B115B5099711F7F114EDB00BE11658CEF08EF26E04F8040C7149">>},
 {<<"dispatch_compiler">>, <<"D45F7985312783DFF7F277B62B73DEBB526D4B3FAA38C9D44AA55F0BFB3C1141">>},
 {<<"edown">>, <<"1CAF8F99BEE8B671EFA752EA163C9299A120BFC4A43820E1C5CE1BFDF63B4446">>},
 {<<"eiconv">>, <<"8C80851DECF72FC4571A70278D7932E9A87437770322077ECF797533FBB792CD">>},
 {<<"epgsql">>, <<"0A02D338CC1426C5873B412FED9D694F7B5143933C5F85F244655A5E77B23078">>},
 {<<"erlang_exif">>, <<"F03815AC2C2808A84313B3DFAFF41CCB2E3BC7A643113274C76BF9241DE490CD">>},
 {<<"erlang_localtime">>, <<"46E3F7B18477B377EC71F9DCD91C4D30FE82A128FFA9F89BE1595D4D08414844">>},
 {<<"erlexec">>, <<"5E3886952E987B63D9136A0BEF5CEB0091B8A0550A81D221D0E55538EE2AA1AB">>},
 {<<"erlpass">>, <<"0F3B6FF0E854A78E6F356364AA91AE7DA27FA4DDDBA633033B67848B37550D38">>},
 {<<"erlware_commons">>, <<"3E7C6FB2BA4C29B0DD5DFE9D031B66449E2088ECEC1A81465BD9FDE05ED7D0DB">>},
 {<<"exometer_core">>, <<"6AFBD8F6B1AAF7443D6A5A05BBBCD15285622353550F3077C87176E25BE99C1E">>},
 {<<"filezcache">>, <<"86CD60A0FE537E953F80B62927A98D755D4CD5584D51EEC5DB8628CB712BCD43">>},
 {<<"folsom">>, <<"F7B644FC002A75AF00B8BFBD3CC5C2BD955E09A118D2982D9A6C04E5646FF367">>},
 {<<"gen_smtp">>, <<"51BC50CC017EFD4A4248CBC39EA30FB60EFA7D4A49688986FAFAD84434FF9AB7">>},
 {<<"gproc">>, <<"587E8AF698CCD3504CF4BA8D90F893EDE2B0F58CABB8A916E2BF9321DE3CF10B">>},
 {<<"gun">>, <<"F4D25A6946E34FE5D4D698DB32B0F2A9BBB1E9FD75D23A0FFADBAD373C48451F">>},
 {<<"hut">>, <<"953FC447514BAF9CC79FA147D66469243C94DFA1593779614E070C692D0BF0F3">>},
 {<<"jobs">>, <<"4E50CC8EDD7B5A0AE6F4C17B25514470A772626A5F6C24E9BC06A62AEF618237">>},
 {<<"jsx">>, <<"37BECA0435F5CA8A2F45F76A46211E76418FBEF80C36F0361C249FC75059DC6D">>},
 {<<"jsxrecord">>, <<"04A7E108F7FADC7F88FAB4CBCDFF34B5A1BFD4073A431ADDA288B1AE27DC0FA5">>},
 {<<"keyserver">>, <<"40BE055BC455093E3A4D604219C2F293B416604A7D8E3776E761D549D1311192">>},
 {<<"locus">>, <<"FBC4E8143573B8A835C2E7FA0EC5ED6EB44296E6537AD46F8BBFFBCC65A6E5FE">>},
 {<<"logstasher">>, <<"25B6307B6F4A6B0CE523BAFF1E680811562007348A6B6EA1B2206DE9F0EAC575">>},
 {<<"meck">>, <<"D34F013C156DB51AD57CC556891B9720E6A1C1DF5FE2E15AF999C84D6CEBEB1A">>},
 {<<"mimetypes">>, <<"234802943A215B1B6CE408015F103C4223EA98179E4FE411CD55E9A4D0B07E53">>},
 {<<"mochiweb">>, <<"CBBD1FD315D283C576D1C8A13E0738F6DAFB63DC840611249608697502A07655">>},
 {<<"mqtt_packet_map">>, <<"82BD12177EC927244ECC40093FB5A9BFAC317106168FD11F7D49FB3434C6D1DA">>},
 {<<"mqtt_sessions">>, <<"9CD85CF8FCF6571A6783577F16FF83D1829888230E4735B3EE3FC980FF94A1A7">>},
 {<<"oauth">>, <<"1E88788690B3CDE182F77829F205EAB75522255DCCED20341C5BA05CAC849B13">>},
 {<<"parse_trans">>, <<"F99E368830BEA44552224E37E04943A54874F08B8590485DE8D13832B63A2DC3">>},
 {<<"poolboy">>, <<"DAD79704CE5440F3D5A3681C8590B9DC25D1A561E8F5A9C995281012860901E3">>},
 {<<"proper">>, <<"18285842185BD33EFBDA97D134A5CB5A0884384DB36119FEE0E3CFA488568CBB">>},
 {<<"qdate">>, <<"4D053F50D29D508FAF74AB1CEEC035476987DB411694CDC87C23E2F7A5BE08DB">>},
 {<<"qdate_localtime">>, <<"98A538A5B6046B8652DFC5630B030D0414A1B31D0130C81FA6B88B5C1E625109">>},
 {<<"ranch">>, <<"49FBCFD3682FAB1F5D109351B61257676DA1A2FDBE295904176D5E521A2DDFE5">>},
 {<<"recon">>, <<"2C7523C8DEE91DFF41F6B3D63CBA2BD49EB6D2FE5BF1EEC0DF7F87EB5E230E1C">>},
 {<<"ringbuffer">>, <<"D3E575FD919751E80B4DF275C6A4710E394F998EDDD9281B4FC202DAD6C1E299">>},
 {<<"router">>, <<"C9F939968F8D8BCBEB03087829693E5BEEA6BFFD14A9717200FB57522A141838">>},
 {<<"s3filez">>, <<"2BF3BDFCED356C8581029D70385970F969CACB102AE179DDFFAAAF9B448D1F36">>},
 {<<"setup">>, <<"EFD072578F0CF85BEA96CAAFFC7ADB0992398272522660A136E10567377071C5">>},
 {<<"shotgun">>, <<"D7300A30B9645B9ED2BAFC3632EE11609779CDD0B0EE981280E8BA59FA36407E">>},
 {<<"sidejob">>, <<"6DC3DAC041C8C07C64401ECD22684730DA1497F5F14377B3CA9C5B2B9A135181">>},
 {<<"ssl_verify_fun">>, <<"BDB0D2471F453C88FF3908E7686F86F9BE327D065CC1EC16FA4540197EA04680">>},
 {<<"syslog">>, <<"4C6A41373C7E20587BE33EF841D3DE6F3BEBA08519809329ECC4D27B15B659E1">>},
 {<<"template_compiler">>, <<"7FFBA8312987BFB118248B7542EFFC15999DA06F3D48E7D7F211CA8D85FF71C8">>},
 {<<"termit">>, <<"34047B1FEC8C3A98998F094F062ADD7E12D9D1240E45B404F62A491FB1948848">>},
 {<<"tls_certificate_check">>, <<"4AB962212EF7C87482619CB298E1FE06E047B57F0BD58CC417B3B299EB8D036E">>},
 {<<"yamerl">>, <<"96CB30F9D64344FED0EF8A92E9F16F207DE6C04DFFF4F366752CA79F5BCEB23F">>},
 {<<"zotonic_apps">>, <<"634E8F2E4AEBADFBA6DE46F2A407E081735D30E30676A443DFD9B2B37EF12673">>},
 {<<"zotonic_core">>, <<"BA3FBFA25ED8624BD9FC01085B3E939D7D54BFC803369C3A203326A20D3ACBDC">>},
 {<<"zotonic_filehandler">>, <<"6B2B4A66B94572ED20C4B4C38F23C9915D6CCD3255E99DD84E348A4117620DCC">>},
 {<<"zotonic_fileindexer">>, <<"D873A4B3863065C9E6D8F6CF8927EA5BEE4883F619D9D7C3484B4B7E21CFA0AC">>},
 {<<"zotonic_filewatcher">>, <<"F7E5F0AE60BE7BC8E92690507901C6BF38F2CA1ABE2400A542BA5EEB89713128">>},
 {<<"zotonic_launcher">>, <<"F63C1F2498530C332A29A97E8FD73D054B4F5DA1014F79705B8A6280AA4AEA8E">>},
 {<<"zotonic_listen_http">>, <<"BA1680BF7A1BBAF2A1D8646699CCE5B4895534518ED7B8A5A4C4C10D8C084DA4">>},
 {<<"zotonic_listen_mqtt">>, <<"09321AC4928BEA2F26A0A4717891F3344AB79001818EBBA3E45E2A2792D1A252">>},
 {<<"zotonic_listen_smtp">>, <<"45232810271C035CF04FDD0A6F8AB87B3D99EA59CADE92F32DBD7FC0C6D2F77C">>},
 {<<"zotonic_mod_acl_user_groups">>, <<"5888574979E6C338E92DB16A06FE2360DC55E88875665AA9243926D83353ADD4">>},
 {<<"zotonic_mod_admin">>, <<"6E7C49DFC91E5CF54F2D36453BBA87E6DF7F3B2230E2413ED2060CD4A802C9B0">>},
 {<<"zotonic_mod_admin_category">>, <<"D0FEC054094B39B90BFF240CA61B62E0B75192B3CBD1EDD71DBB33C88B9D8809">>},
 {<<"zotonic_mod_admin_config">>, <<"092F4FAFEE47DAA8CE057FAC47EA22750B360022A481C99CDEBFC819055A3F3C">>},
 {<<"zotonic_mod_admin_frontend">>, <<"7CD00919D606F923EAF9D75DAED0362844B63DDD8B63D03AF41F8DA649626F6A">>},
 {<<"zotonic_mod_admin_identity">>, <<"7394E9613AC7C8983EFCCC935A079715BC116EEA2230FFCA06B82E9C7ABEF8BD">>},
 {<<"zotonic_mod_admin_merge">>, <<"BBF7E0EDD0A0C50DD7FCD78621BBB732F927B284F7C1983BA04D8F866B1F5FB5">>},
 {<<"zotonic_mod_admin_modules">>, <<"51573987BD46FE4482A837422AD7961E4A4A3F94B562031D52FC10B0F6777F56">>},
 {<<"zotonic_mod_admin_predicate">>, <<"7BDCE7B91DF0B43C7EBE36DA237861562D28218C37942DB552E33C0B409BF24D">>},
 {<<"zotonic_mod_admin_statistics">>, <<"FB622264913467036F3C19F6E96DA7DB26FC57CC163CF02F46FDEC17D4A9DBD1">>},
 {<<"zotonic_mod_artwork">>, <<"E01DDDF0A0AF5EDE7F13013E25219607B498A141DA2F106E2F4071E0DC861A4D">>},
 {<<"zotonic_mod_audio">>, <<"EC859E0DCC2E6D9B38A3A986BAEA2CAD0A66D3A91D2E5E4874CB116A81C08886">>},
 {<<"zotonic_mod_auth2fa">>, <<"192B3715C06C73D39B8BF5C4146D125FB3E31795A23E74DF2AC43D15F4EB170E">>},
 {<<"zotonic_mod_authentication">>, <<"B0673DD9EFE47E60577CC65D56FF648B07CA634B24DA9DC76FF8F8177EF8A222">>},
 {<<"zotonic_mod_backup">>, <<"2D778E256829F204FCEFCD5FD1E5FFC06E388B5FD9DEC1D4498B66AB16CB7328">>},
 {<<"zotonic_mod_base">>, <<"2520021202E9D14567C7F518461BA624811FAB28D9CA60E0E2E2C3DAFC278986">>},
 {<<"zotonic_mod_bootstrap">>, <<"7A1C198AFE7600A55508CA570E73E78F5D19FF00A8136F5FD98F4EE813A4A847">>},
 {<<"zotonic_mod_clamav">>, <<"610AFCD9B5B0240BEA3250469C5C2456DAE0A40CAA5CEF59A2DEA364A16C3BDE">>},
 {<<"zotonic_mod_comment">>, <<"1F81B07538BEFA55517CC19986D504818A5AEF8501B0E3B26B6AA4A49C2B6764">>},
 {<<"zotonic_mod_contact">>, <<"BDDF0FA39276678CBC6810AE600995B7E57ECD5532931D01785BB1FEE4CF5012">>},
 {<<"zotonic_mod_content_groups">>, <<"1381A8DA858A4281A3E339C2319D426EF7D1129024BEDF83DBA97175BB3BAAB1">>},
 {<<"zotonic_mod_cron">>, <<"5F55A9F82EF916447B45291D2D3C3B3870726E927028636FA526CF548446E589">>},
 {<<"zotonic_mod_custom_redirect">>, <<"CE0166D130A8B7422561B916E6DF7E7D80F986B0179DC4B579702E94E403729E">>},
 {<<"zotonic_mod_development">>, <<"35AE9AD4A5984AB71E418489F56D2B45471E4CC440CCBF277EE06F7254C52607">>},
 {<<"zotonic_mod_editor_tinymce">>, <<"D1388E5CBCAB359E3E74A4D7774118227F1C6CCC52F10426A4664B375FD823B5">>},
 {<<"zotonic_mod_email_dkim">>, <<"CC0980A63B1121D92CE40C8603597BB176FF30E0AFB79A700B37715E1B303CC9">>},
 {<<"zotonic_mod_email_receive">>, <<"B9FF3FD2ACA40442455B2A4715DCBF4ADAEA7B4E3EE22C1980281D796A855031">>},
 {<<"zotonic_mod_email_relay">>, <<"8ED25C3A0B506BF811B408C3606CED9C1BDEF22FFA9B5F824FAD2D653A38E828">>},
 {<<"zotonic_mod_email_status">>, <<"05168FAB6E34094DAFC8DFE8AC727D51E1AC8D4819445DBACDCBFB0540B174D0">>},
 {<<"zotonic_mod_export">>, <<"6B19335508FE891B29C803FA0BB915CC5146708E523555185562876D115E72E9">>},
 {<<"zotonic_mod_facebook">>, <<"AF4CEDDCDD9A7D3799F202DDF95BA44013D43AE5B7B6641466BBA816FA632019">>},
 {<<"zotonic_mod_filestore">>, <<"11842E88A4E069DC41A7B9F153F4F00DD8BF5E24AD0FE01B85809E9FF43ED2BF">>},
 {<<"zotonic_mod_fileuploader">>, <<"0A212C02B9B3D3C21E67728198C8C935D889E6EF293B78A655CE1A990C4771FF">>},
 {<<"zotonic_mod_geoip">>, <<"A4E9EAFD9190DDDAFDF46465380F6962E60B537CCF35853E86C3E3065066D022">>},
 {<<"zotonic_mod_image_edit">>, <<"BD9BC32F0AD3A22E9070AF670734C91A093C3FF0D69928F1EB0754FAAFAD9423">>},
 {<<"zotonic_mod_import_csv">>, <<"42F18C6667DDEDDA78F7B5646481BC1D651A2D0E55B53E072E604E003883704D">>},
 {<<"zotonic_mod_import_wordpress">>, <<"93FC8368CA0E96351462BBE744EFE62E44708AA061413C2F36EB97509970D93F">>},
 {<<"zotonic_mod_l10n">>, <<"3B66F4463DC3C0547095789722DFCB926C8405C523AEA9C35AA112827A034A69">>},
 {<<"zotonic_mod_linkedin">>, <<"2FD0951D60DF152305D272AC8BC5876D21EB2DF78F8A9A588132CA115981A055">>},
 {<<"zotonic_mod_logging">>, <<"650584C674997108B551D9590B8C8FFBBB48F623A5B43F725FC02F6CABD6C545">>},
 {<<"zotonic_mod_mailinglist">>, <<"5B5098B3986671F664352A1E9A272F3ECA7B28045B0E597EE0B053848C9FF2C5">>},
 {<<"zotonic_mod_media_exif">>, <<"6057303F992F1FDE559933F62FDA1DFB6A55F96EC3B09F3A46B430C1E5E5864F">>},
 {<<"zotonic_mod_menu">>, <<"9820F015D0ABE6480E55F8E0B19ACDB3C168996F94B6F4C63E0D372956307631">>},
 {<<"zotonic_mod_microsoft">>, <<"6ABEE97C22BC38C554FCAF1598C30BD07472EE76E2E5FDAD7250CF87D3F41C5C">>},
 {<<"zotonic_mod_mqtt">>, <<"C6B6B1E8BED096EA165BA8885D59F2BE83C89A3B51D6CEF909FDDBDC89788BE3">>},
 {<<"zotonic_mod_oauth2">>, <<"62EF86DC726E882ECAAF5B3647E27A0586C27ACFD563DA8DBFE1E5375939BBD7">>},
 {<<"zotonic_mod_oembed">>, <<"F4270AE9EB53A10123A7F94BE014877DE4AFA8E556752D34B1FB679780C3EDF9">>},
 {<<"zotonic_mod_ratelimit">>, <<"C9F457B292132B88CB42EBBC859A61F36C44321BDE60F6AFBB9089AA98FF9C27">>},
 {<<"zotonic_mod_search">>, <<"43022779123BAE5FA3AF5E1152132F74A7B99E55D60418A920681D7CE217825C">>},
 {<<"zotonic_mod_seo">>, <<"09EB3DF21A8C30F3169A6D26DE3439D0E7A59384FE040AECA3BA050DCC56677D">>},
 {<<"zotonic_mod_seo_sitemap">>, <<"93C3F0BF6E9C3494048CCBD328E95969D7AD18375FE3293E5A21312150694FFF">>},
 {<<"zotonic_mod_server_storage">>, <<"2FA9C610810C387D4CA0B1D08427CE5DA9032717DA9B29B6C856B3FEF7662920">>},
 {<<"zotonic_mod_signup">>, <<"4BB4FFEA23514D067EC91369609E6E0B2573433A729668D7783275F883C1E023">>},
 {<<"zotonic_mod_site_update">>, <<"6FAC3A89D9BBCB0913AFAA69D5546EAE849E8B57224E53892C66787BDAC0A5E7">>},
 {<<"zotonic_mod_ssl_ca">>, <<"B127B946691C247B6F018CB88539F2EB3BA23426683BAEA0E0EBBC01808983D7">>},
 {<<"zotonic_mod_ssl_letsencrypt">>, <<"0867E1F64D6D42482540923490BA34F4FC3F4F373D5D4B3C7F119FC2336E2D9C">>},
 {<<"zotonic_mod_survey">>, <<"4521187CA78D2FCE637B86EC278CCC2F8F469B71B3A4C17FE1C66E2DC0C09626">>},
 {<<"zotonic_mod_syslog">>, <<"6E81DBC50AABDFDEFE8FD07E9881D70AD41E8CEECC07FCF9AA48655D7762E92C">>},
 {<<"zotonic_mod_tkvstore">>, <<"282D8EBBE96363C9F8349BF4348D2D20A396CD40E7FAB494B1BEF61DEFBF680A">>},
 {<<"zotonic_mod_translation">>, <<"CC32C3454BDBD0B31083FF3517EB0FF8D7F1D87CFC2E5B7A8D2310814FED9F30">>},
 {<<"zotonic_mod_twitter">>, <<"ED3DBBB78D7ABB4D96ADE09A2BC4C449B2D9C23C8125AF73F1784BB308404556">>},
 {<<"zotonic_mod_video">>, <<"DF206F9AC54F1E8C2CE648166043D23609189F00AE310CD8569DDD1E6CA19ED9">>},
 {<<"zotonic_mod_video_embed">>, <<"7B76FB1EF96BD966C2294D829F67DC432311D7F50B61B338C4D1D8E619DEB186">>},
 {<<"zotonic_mod_wires">>, <<"302D7668BAE9FB8A84A200F0458B5FEAF6B4C032A990BB3A0C59B16035356AE6">>},
 {<<"zotonic_mod_zotonic_site_management">>, <<"B63123A19AF0B4DB00678277688BD2B87375B1671AF9A4BD8D1E4D06DD8EF70C">>},
 {<<"zotonic_notifier">>, <<"E37DBAEA3D3A18A7E6A3CBE92CCA96BC65B48002305DA7E468CC5859B8B11ADA">>},
 {<<"zotonic_rdf">>, <<"096C1E2E16582FE3F6253534068D22B39F246D84C01237C42A8B489B42BB7A16">>},
 {<<"zotonic_site_status">>, <<"56E473ACA4293AB6F484BA7373719800176673C6D8F0191F787CFE58DA6A14DE">>},
 {<<"zotonic_ssl">>, <<"FC8193CFA273956C2669F448102DD7A4F0E4AA8E3C81FA7EB46114911146CF4C">>},
 {<<"zotonic_stdlib">>, <<"9139167866615F226C3915B6082B317892E276F3A9C78C5A99CD497FA589444E">>}]}
].
